// !$*UTF8*$!
{
	archiveVersion = 1;
	classes = {
	};
	objectVersion = 46;
	objects = {

/* Begin PBXBuildFile section */
		2F608434F0742A3C6F51722A /* libPods-RMRefresh.a in Frameworks */ = {isa = PBXBuildFile; fileRef = B7D14BD6A815DCEB63CC8CF5 /* libPods-RMRefresh.a */; };
		948980A31BC3E331007CFEAF /* main.m in Sources */ = {isa = PBXBuildFile; fileRef = 948980A21BC3E331007CFEAF /* main.m */; };
		948980AC1BC3E331007CFEAF /* Main.storyboard in Resources */ = {isa = PBXBuildFile; fileRef = 948980AA1BC3E331007CFEAF /* Main.storyboard */; };
		948980AE1BC3E331007CFEAF /* Assets.xcassets in Resources */ = {isa = PBXBuildFile; fileRef = 948980AD1BC3E331007CFEAF /* Assets.xcassets */; };
		948980B11BC3E331007CFEAF /* LaunchScreen.storyboard in Resources */ = {isa = PBXBuildFile; fileRef = 948980AF1BC3E331007CFEAF /* LaunchScreen.storyboard */; };
		948980BC1BC3E331007CFEAF /* RMRefreshTests.m in Sources */ = {isa = PBXBuildFile; fileRef = 948980BB1BC3E331007CFEAF /* RMRefreshTests.m */; };
		948980C71BC3E331007CFEAF /* RMRefreshUITests.m in Sources */ = {isa = PBXBuildFile; fileRef = 948980C61BC3E331007CFEAF /* RMRefreshUITests.m */; };
		94BBCD331C1FC172006D6E18 /* Security.framework in Frameworks */ = {isa = PBXBuildFile; fileRef = 94BBCD321C1FC172006D6E18 /* Security.framework */; };
		94BBCD471C1FF124006D6E18 /* RXApiEngine.m in Sources */ = {isa = PBXBuildFile; fileRef = 94BBCD461C1FF124006D6E18 /* RXApiEngine.m */; };
		94BBCD4A1C20241B006D6E18 /* EPOAuthManager.m in Sources */ = {isa = PBXBuildFile; fileRef = 94BBCD491C20241B006D6E18 /* EPOAuthManager.m */; };
		94FC30011BFC4078002E97D6 /* AppDelegate.m in Sources */ = {isa = PBXBuildFile; fileRef = 94FC2FFE1BFC4078002E97D6 /* AppDelegate.m */; };
		94FC30021BFC4078002E97D6 /* ViewController.m in Sources */ = {isa = PBXBuildFile; fileRef = 94FC30001BFC4078002E97D6 /* ViewController.m */; };
		94FCDFDE1CC9C9D900F952A0 /* NVActivityIndicatorAnimationBallClipRotate.m in Sources */ = {isa = PBXBuildFile; fileRef = 94FCDF7E1CC9C9D900F952A0 /* NVActivityIndicatorAnimationBallClipRotate.m */; };
		94FCDFDF1CC9C9D900F952A0 /* NVActivityIndicatorAnimationBallPulse.m in Sources */ = {isa = PBXBuildFile; fileRef = 94FCDF801CC9C9D900F952A0 /* NVActivityIndicatorAnimationBallPulse.m */; };
		94FCDFE01CC9C9D900F952A0 /* NVActivityIndicatorAnimationBallScaleRippleMultiple.m in Sources */ = {isa = PBXBuildFile; fileRef = 94FCDF821CC9C9D900F952A0 /* NVActivityIndicatorAnimationBallScaleRippleMultiple.m */; };
		94FCDFE11CC9C9D900F952A0 /* NVActivityIndicatorAnimationBallSpinFadeLoader.m in Sources */ = {isa = PBXBuildFile; fileRef = 94FCDF841CC9C9D900F952A0 /* NVActivityIndicatorAnimationBallSpinFadeLoader.m */; };
		94FCDFE21CC9C9D900F952A0 /* NVActivityIndicatorShape.m in Sources */ = {isa = PBXBuildFile; fileRef = 94FCDF871CC9C9D900F952A0 /* NVActivityIndicatorShape.m */; };
		94FCDFE31CC9C9D900F952A0 /* NVActivityIndicatorView.m in Sources */ = {isa = PBXBuildFile; fileRef = 94FCDF891CC9C9D900F952A0 /* NVActivityIndicatorView.m */; };
		94FCDFE41CC9C9D900F952A0 /* RXHyLoglnButton.m in Sources */ = {isa = PBXBuildFile; fileRef = 94FCDF8C1CC9C9D900F952A0 /* RXHyLoglnButton.m */; };
		94FCDFE51CC9C9D900F952A0 /* RXHyTransitions.m in Sources */ = {isa = PBXBuildFile; fileRef = 94FCDF8E1CC9C9D900F952A0 /* RXHyTransitions.m */; };
		94FCDFE61CC9C9D900F952A0 /* RXSpinerLayer.m in Sources */ = {isa = PBXBuildFile; fileRef = 94FCDF901CC9C9D900F952A0 /* RXSpinerLayer.m */; };
		94FCDFE71CC9C9D900F952A0 /* NSBundle+RXExtension.m in Sources */ = {isa = PBXBuildFile; fileRef = 94FCDF931CC9C9D900F952A0 /* NSBundle+RXExtension.m */; };
		94FCDFE81CC9C9D900F952A0 /* NSData+SDK_Encrypt.m in Sources */ = {isa = PBXBuildFile; fileRef = 94FCDF951CC9C9D900F952A0 /* NSData+SDK_Encrypt.m */; };
		94FCDFE91CC9C9D900F952A0 /* NSDate+RXExtension.m in Sources */ = {isa = PBXBuildFile; fileRef = 94FCDF971CC9C9D900F952A0 /* NSDate+RXExtension.m */; };
		94FCDFEA1CC9C9D900F952A0 /* NSMutableDictionary+RXExtension.m in Sources */ = {isa = PBXBuildFile; fileRef = 94FCDF991CC9C9D900F952A0 /* NSMutableDictionary+RXExtension.m */; };
		94FCDFEB1CC9C9D900F952A0 /* UIBarButtonItem+RXExtension.m in Sources */ = {isa = PBXBuildFile; fileRef = 94FCDF9D1CC9C9D900F952A0 /* UIBarButtonItem+RXExtension.m */; };
		94FCDFEC1CC9C9D900F952A0 /* UIColor+RXExtension.m in Sources */ = {isa = PBXBuildFile; fileRef = 94FCDF9F1CC9C9D900F952A0 /* UIColor+RXExtension.m */; };
		94FCDFED1CC9C9D900F952A0 /* UIImage+RXExtension.m in Sources */ = {isa = PBXBuildFile; fileRef = 94FCDFA11CC9C9D900F952A0 /* UIImage+RXExtension.m */; };
		94FCDFEE1CC9C9D900F952A0 /* UIScrollView+EmptyDataSet.m in Sources */ = {isa = PBXBuildFile; fileRef = 94FCDFA31CC9C9D900F952A0 /* UIScrollView+EmptyDataSet.m */; };
		94FCDFEF1CC9C9D900F952A0 /* UIView+RXExtension.m in Sources */ = {isa = PBXBuildFile; fileRef = 94FCDFA51CC9C9D900F952A0 /* UIView+RXExtension.m */; };
		94FCDFF01CC9C9D900F952A0 /* RXExampleHandler.m in Sources */ = {isa = PBXBuildFile; fileRef = 94FCDFA91CC9C9D900F952A0 /* RXExampleHandler.m */; };
		94FCDFF11CC9C9D900F952A0 /* RXUriActionEngine.m in Sources */ = {isa = PBXBuildFile; fileRef = 94FCDFAB1CC9C9D900F952A0 /* RXUriActionEngine.m */; };
		94FCDFF21CC9C9D900F952A0 /* RXChildAppVC.m in Sources */ = {isa = PBXBuildFile; fileRef = 94FCDFAF1CC9C9D900F952A0 /* RXChildAppVC.m */; };
		94FCDFF31CC9C9D900F952A0 /* RXJsBridge.m in Sources */ = {isa = PBXBuildFile; fileRef = 94FCDFB11CC9C9D900F952A0 /* RXJsBridge.m */; };
		94FCDFF41CC9C9D900F952A0 /* RXWebViewJsBridge.js in Resources */ = {isa = PBXBuildFile; fileRef = 94FCDFB31CC9C9D900F952A0 /* RXWebViewJsBridge.js */; };
		94FCDFF51CC9C9D900F952A0 /* RXWebViewJsBridge.m in Sources */ = {isa = PBXBuildFile; fileRef = 94FCDFB41CC9C9D900F952A0 /* RXWebViewJsBridge.m */; };
		94FCDFF61CC9C9D900F952A0 /* RXApiServiceEngine.m in Sources */ = {isa = PBXBuildFile; fileRef = 94FCDFBA1CC9C9D900F952A0 /* RXApiServiceEngine.m */; };
		94FCDFF71CC9C9D900F952A0 /* RXApiServiceRequest.m in Sources */ = {isa = PBXBuildFile; fileRef = 94FCDFBC1CC9C9D900F952A0 /* RXApiServiceRequest.m */; };
		94FCDFF81CC9C9D900F952A0 /* RXApiServiceResponse.m in Sources */ = {isa = PBXBuildFile; fileRef = 94FCDFBE1CC9C9D900F952A0 /* RXApiServiceResponse.m */; };
		94FCDFF91CC9C9D900F952A0 /* RXBaseCompoent.m in Sources */ = {isa = PBXBuildFile; fileRef = 94FCDFC01CC9C9D900F952A0 /* RXBaseCompoent.m */; };
		94FCDFFA1CC9C9D900F952A0 /* RXRuntime.m in Sources */ = {isa = PBXBuildFile; fileRef = 94FCDFC31CC9C9D900F952A0 /* RXRuntime.m */; };
		94FCDFFB1CC9C9D900F952A0 /* UINavigationController+FDFullscreenPopGesture.m in Sources */ = {isa = PBXBuildFile; fileRef = 94FCDFC81CC9C9D900F952A0 /* UINavigationController+FDFullscreenPopGesture.m */; };
		94FCDFFF1CC9C9D900F952A0 /* OpenUDID.m in Sources */ = {isa = PBXBuildFile; fileRef = 94FCDFD11CC9C9D900F952A0 /* OpenUDID.m */; };
		94FCE0001CC9C9D900F952A0 /* KeychainItemWrapper.m in Sources */ = {isa = PBXBuildFile; fileRef = 94FCDFD41CC9C9D900F952A0 /* KeychainItemWrapper.m */; };
		94FCE0011CC9C9D900F952A0 /* RXCoreLaunchLite.m in Sources */ = {isa = PBXBuildFile; fileRef = 94FCDFD81CC9C9D900F952A0 /* RXCoreLaunchLite.m */; };
/* End PBXBuildFile section */

/* Begin PBXContainerItemProxy section */
		948980B81BC3E331007CFEAF /* PBXContainerItemProxy */ = {
			isa = PBXContainerItemProxy;
			containerPortal = 948980961BC3E331007CFEAF /* Project object */;
			proxyType = 1;
			remoteGlobalIDString = 9489809D1BC3E331007CFEAF;
			remoteInfo = RMRefresh;
		};
		948980C31BC3E331007CFEAF /* PBXContainerItemProxy */ = {
			isa = PBXContainerItemProxy;
			containerPortal = 948980961BC3E331007CFEAF /* Project object */;
			proxyType = 1;
			remoteGlobalIDString = 9489809D1BC3E331007CFEAF;
			remoteInfo = RMRefresh;
		};
/* End PBXContainerItemProxy section */

/* Begin PBXFileReference section */
		9489809E1BC3E331007CFEAF /* RMRefresh.app */ = {isa = PBXFileReference; explicitFileType = wrapper.application; includeInIndex = 0; path = RMRefresh.app; sourceTree = BUILT_PRODUCTS_DIR; };
		948980A21BC3E331007CFEAF /* main.m */ = {isa = PBXFileReference; lastKnownFileType = sourcecode.c.objc; path = main.m; sourceTree = "<group>"; };
		948980AB1BC3E331007CFEAF /* Base */ = {isa = PBXFileReference; lastKnownFileType = file.storyboard; name = Base; path = Base.lproj/Main.storyboard; sourceTree = "<group>"; };
		948980AD1BC3E331007CFEAF /* Assets.xcassets */ = {isa = PBXFileReference; lastKnownFileType = folder.assetcatalog; path = Assets.xcassets; sourceTree = "<group>"; };
		948980B01BC3E331007CFEAF /* Base */ = {isa = PBXFileReference; lastKnownFileType = file.storyboard; name = Base; path = Base.lproj/LaunchScreen.storyboard; sourceTree = "<group>"; };
		948980B21BC3E331007CFEAF /* Info.plist */ = {isa = PBXFileReference; lastKnownFileType = text.plist.xml; path = Info.plist; sourceTree = "<group>"; };
		948980B71BC3E331007CFEAF /* RMRefreshTests.xctest */ = {isa = PBXFileReference; explicitFileType = wrapper.cfbundle; includeInIndex = 0; path = RMRefreshTests.xctest; sourceTree = BUILT_PRODUCTS_DIR; };
		948980BB1BC3E331007CFEAF /* RMRefreshTests.m */ = {isa = PBXFileReference; lastKnownFileType = sourcecode.c.objc; path = RMRefreshTests.m; sourceTree = "<group>"; };
		948980BD1BC3E331007CFEAF /* Info.plist */ = {isa = PBXFileReference; lastKnownFileType = text.plist.xml; path = Info.plist; sourceTree = "<group>"; };
		948980C21BC3E331007CFEAF /* RMRefreshUITests.xctest */ = {isa = PBXFileReference; explicitFileType = wrapper.cfbundle; includeInIndex = 0; path = RMRefreshUITests.xctest; sourceTree = BUILT_PRODUCTS_DIR; };
		948980C61BC3E331007CFEAF /* RMRefreshUITests.m */ = {isa = PBXFileReference; lastKnownFileType = sourcecode.c.objc; path = RMRefreshUITests.m; sourceTree = "<group>"; };
		948980C81BC3E331007CFEAF /* Info.plist */ = {isa = PBXFileReference; lastKnownFileType = text.plist.xml; path = Info.plist; sourceTree = "<group>"; };
		94BBCD321C1FC172006D6E18 /* Security.framework */ = {isa = PBXFileReference; lastKnownFileType = wrapper.framework; name = Security.framework; path = System/Library/Frameworks/Security.framework; sourceTree = SDKROOT; };
		94BBCD451C1FF124006D6E18 /* RXApiEngine.h */ = {isa = PBXFileReference; fileEncoding = 4; lastKnownFileType = sourcecode.c.h; path = RXApiEngine.h; sourceTree = "<group>"; };
		94BBCD461C1FF124006D6E18 /* RXApiEngine.m */ = {isa = PBXFileReference; fileEncoding = 4; lastKnownFileType = sourcecode.c.objc; path = RXApiEngine.m; sourceTree = "<group>"; };
		94BBCD481C20241B006D6E18 /* EPOAuthManager.h */ = {isa = PBXFileReference; fileEncoding = 4; lastKnownFileType = sourcecode.c.h; path = EPOAuthManager.h; sourceTree = "<group>"; };
		94BBCD491C20241B006D6E18 /* EPOAuthManager.m */ = {isa = PBXFileReference; fileEncoding = 4; lastKnownFileType = sourcecode.c.objc; path = EPOAuthManager.m; sourceTree = "<group>"; };
		94FC2FFD1BFC4078002E97D6 /* AppDelegate.h */ = {isa = PBXFileReference; fileEncoding = 4; lastKnownFileType = sourcecode.c.h; path = AppDelegate.h; sourceTree = "<group>"; };
		94FC2FFE1BFC4078002E97D6 /* AppDelegate.m */ = {isa = PBXFileReference; fileEncoding = 4; lastKnownFileType = sourcecode.c.objc; path = AppDelegate.m; sourceTree = "<group>"; };
		94FC2FFF1BFC4078002E97D6 /* ViewController.h */ = {isa = PBXFileReference; fileEncoding = 4; lastKnownFileType = sourcecode.c.h; path = ViewController.h; sourceTree = "<group>"; };
		94FC30001BFC4078002E97D6 /* ViewController.m */ = {isa = PBXFileReference; fileEncoding = 4; lastKnownFileType = sourcecode.c.objc; path = ViewController.m; sourceTree = "<group>"; };
		94FCDF7D1CC9C9D900F952A0 /* NVActivityIndicatorAnimationBallClipRotate.h */ = {isa = PBXFileReference; fileEncoding = 4; lastKnownFileType = sourcecode.c.h; path = NVActivityIndicatorAnimationBallClipRotate.h; sourceTree = "<group>"; };
		94FCDF7E1CC9C9D900F952A0 /* NVActivityIndicatorAnimationBallClipRotate.m */ = {isa = PBXFileReference; fileEncoding = 4; lastKnownFileType = sourcecode.c.objc; path = NVActivityIndicatorAnimationBallClipRotate.m; sourceTree = "<group>"; };
		94FCDF7F1CC9C9D900F952A0 /* NVActivityIndicatorAnimationBallPulse.h */ = {isa = PBXFileReference; fileEncoding = 4; lastKnownFileType = sourcecode.c.h; path = NVActivityIndicatorAnimationBallPulse.h; sourceTree = "<group>"; };
		94FCDF801CC9C9D900F952A0 /* NVActivityIndicatorAnimationBallPulse.m */ = {isa = PBXFileReference; fileEncoding = 4; lastKnownFileType = sourcecode.c.objc; path = NVActivityIndicatorAnimationBallPulse.m; sourceTree = "<group>"; };
		94FCDF811CC9C9D900F952A0 /* NVActivityIndicatorAnimationBallScaleRippleMultiple.h */ = {isa = PBXFileReference; fileEncoding = 4; lastKnownFileType = sourcecode.c.h; path = NVActivityIndicatorAnimationBallScaleRippleMultiple.h; sourceTree = "<group>"; };
		94FCDF821CC9C9D900F952A0 /* NVActivityIndicatorAnimationBallScaleRippleMultiple.m */ = {isa = PBXFileReference; fileEncoding = 4; lastKnownFileType = sourcecode.c.objc; path = NVActivityIndicatorAnimationBallScaleRippleMultiple.m; sourceTree = "<group>"; };
		94FCDF831CC9C9D900F952A0 /* NVActivityIndicatorAnimationBallSpinFadeLoader.h */ = {isa = PBXFileReference; fileEncoding = 4; lastKnownFileType = sourcecode.c.h; path = NVActivityIndicatorAnimationBallSpinFadeLoader.h; sourceTree = "<group>"; };
		94FCDF841CC9C9D900F952A0 /* NVActivityIndicatorAnimationBallSpinFadeLoader.m */ = {isa = PBXFileReference; fileEncoding = 4; lastKnownFileType = sourcecode.c.objc; path = NVActivityIndicatorAnimationBallSpinFadeLoader.m; sourceTree = "<group>"; };
		94FCDF851CC9C9D900F952A0 /* NVActivityIndicatorAnimationDelegate.h */ = {isa = PBXFileReference; fileEncoding = 4; lastKnownFileType = sourcecode.c.h; path = NVActivityIndicatorAnimationDelegate.h; sourceTree = "<group>"; };
		94FCDF861CC9C9D900F952A0 /* NVActivityIndicatorShape.h */ = {isa = PBXFileReference; fileEncoding = 4; lastKnownFileType = sourcecode.c.h; path = NVActivityIndicatorShape.h; sourceTree = "<group>"; };
		94FCDF871CC9C9D900F952A0 /* NVActivityIndicatorShape.m */ = {isa = PBXFileReference; fileEncoding = 4; lastKnownFileType = sourcecode.c.objc; path = NVActivityIndicatorShape.m; sourceTree = "<group>"; };
		94FCDF881CC9C9D900F952A0 /* NVActivityIndicatorView.h */ = {isa = PBXFileReference; fileEncoding = 4; lastKnownFileType = sourcecode.c.h; path = NVActivityIndicatorView.h; sourceTree = "<group>"; };
		94FCDF891CC9C9D900F952A0 /* NVActivityIndicatorView.m */ = {isa = PBXFileReference; fileEncoding = 4; lastKnownFileType = sourcecode.c.objc; path = NVActivityIndicatorView.m; sourceTree = "<group>"; };
		94FCDF8B1CC9C9D900F952A0 /* RXHyLoglnButton.h */ = {isa = PBXFileReference; fileEncoding = 4; lastKnownFileType = sourcecode.c.h; path = RXHyLoglnButton.h; sourceTree = "<group>"; };
		94FCDF8C1CC9C9D900F952A0 /* RXHyLoglnButton.m */ = {isa = PBXFileReference; fileEncoding = 4; lastKnownFileType = sourcecode.c.objc; path = RXHyLoglnButton.m; sourceTree = "<group>"; };
		94FCDF8D1CC9C9D900F952A0 /* RXHyTransitions.h */ = {isa = PBXFileReference; fileEncoding = 4; lastKnownFileType = sourcecode.c.h; path = RXHyTransitions.h; sourceTree = "<group>"; };
		94FCDF8E1CC9C9D900F952A0 /* RXHyTransitions.m */ = {isa = PBXFileReference; fileEncoding = 4; lastKnownFileType = sourcecode.c.objc; path = RXHyTransitions.m; sourceTree = "<group>"; };
		94FCDF8F1CC9C9D900F952A0 /* RXSpinerLayer.h */ = {isa = PBXFileReference; fileEncoding = 4; lastKnownFileType = sourcecode.c.h; path = RXSpinerLayer.h; sourceTree = "<group>"; };
		94FCDF901CC9C9D900F952A0 /* RXSpinerLayer.m */ = {isa = PBXFileReference; fileEncoding = 4; lastKnownFileType = sourcecode.c.objc; path = RXSpinerLayer.m; sourceTree = "<group>"; };
		94FCDF921CC9C9D900F952A0 /* NSBundle+RXExtension.h */ = {isa = PBXFileReference; fileEncoding = 4; lastKnownFileType = sourcecode.c.h; path = "NSBundle+RXExtension.h"; sourceTree = "<group>"; };
		94FCDF931CC9C9D900F952A0 /* NSBundle+RXExtension.m */ = {isa = PBXFileReference; fileEncoding = 4; lastKnownFileType = sourcecode.c.objc; path = "NSBundle+RXExtension.m"; sourceTree = "<group>"; };
		94FCDF941CC9C9D900F952A0 /* NSData+SDK_Encrypt.h */ = {isa = PBXFileReference; fileEncoding = 4; lastKnownFileType = sourcecode.c.h; path = "NSData+SDK_Encrypt.h"; sourceTree = "<group>"; };
		94FCDF951CC9C9D900F952A0 /* NSData+SDK_Encrypt.m */ = {isa = PBXFileReference; fileEncoding = 4; lastKnownFileType = sourcecode.c.objc; path = "NSData+SDK_Encrypt.m"; sourceTree = "<group>"; };
		94FCDF961CC9C9D900F952A0 /* NSDate+RXExtension.h */ = {isa = PBXFileReference; fileEncoding = 4; lastKnownFileType = sourcecode.c.h; path = "NSDate+RXExtension.h"; sourceTree = "<group>"; };
		94FCDF971CC9C9D900F952A0 /* NSDate+RXExtension.m */ = {isa = PBXFileReference; fileEncoding = 4; lastKnownFileType = sourcecode.c.objc; path = "NSDate+RXExtension.m"; sourceTree = "<group>"; };
		94FCDF981CC9C9D900F952A0 /* NSMutableDictionary+RXExtension.h */ = {isa = PBXFileReference; fileEncoding = 4; lastKnownFileType = sourcecode.c.h; path = "NSMutableDictionary+RXExtension.h"; sourceTree = "<group>"; };
		94FCDF991CC9C9D900F952A0 /* NSMutableDictionary+RXExtension.m */ = {isa = PBXFileReference; fileEncoding = 4; lastKnownFileType = sourcecode.c.objc; path = "NSMutableDictionary+RXExtension.m"; sourceTree = "<group>"; };
		94FCDF9A1CC9C9D900F952A0 /* RXCategory.h */ = {isa = PBXFileReference; fileEncoding = 4; lastKnownFileType = sourcecode.c.h; path = RXCategory.h; sourceTree = "<group>"; };
		94FCDF9B1CC9C9D900F952A0 /* RXSingleton.h */ = {isa = PBXFileReference; fileEncoding = 4; lastKnownFileType = sourcecode.c.h; path = RXSingleton.h; sourceTree = "<group>"; };
		94FCDF9C1CC9C9D900F952A0 /* UIBarButtonItem+RXExtension.h */ = {isa = PBXFileReference; fileEncoding = 4; lastKnownFileType = sourcecode.c.h; path = "UIBarButtonItem+RXExtension.h"; sourceTree = "<group>"; };
		94FCDF9D1CC9C9D900F952A0 /* UIBarButtonItem+RXExtension.m */ = {isa = PBXFileReference; fileEncoding = 4; lastKnownFileType = sourcecode.c.objc; path = "UIBarButtonItem+RXExtension.m"; sourceTree = "<group>"; };
		94FCDF9E1CC9C9D900F952A0 /* UIColor+RXExtension.h */ = {isa = PBXFileReference; fileEncoding = 4; lastKnownFileType = sourcecode.c.h; path = "UIColor+RXExtension.h"; sourceTree = "<group>"; };
		94FCDF9F1CC9C9D900F952A0 /* UIColor+RXExtension.m */ = {isa = PBXFileReference; fileEncoding = 4; lastKnownFileType = sourcecode.c.objc; path = "UIColor+RXExtension.m"; sourceTree = "<group>"; };
		94FCDFA01CC9C9D900F952A0 /* UIImage+RXExtension.h */ = {isa = PBXFileReference; fileEncoding = 4; lastKnownFileType = sourcecode.c.h; path = "UIImage+RXExtension.h"; sourceTree = "<group>"; };
		94FCDFA11CC9C9D900F952A0 /* UIImage+RXExtension.m */ = {isa = PBXFileReference; fileEncoding = 4; lastKnownFileType = sourcecode.c.objc; path = "UIImage+RXExtension.m"; sourceTree = "<group>"; };
		94FCDFA21CC9C9D900F952A0 /* UIScrollView+EmptyDataSet.h */ = {isa = PBXFileReference; fileEncoding = 4; lastKnownFileType = sourcecode.c.h; path = "UIScrollView+EmptyDataSet.h"; sourceTree = "<group>"; };
		94FCDFA31CC9C9D900F952A0 /* UIScrollView+EmptyDataSet.m */ = {isa = PBXFileReference; fileEncoding = 4; lastKnownFileType = sourcecode.c.objc; path = "UIScrollView+EmptyDataSet.m"; sourceTree = "<group>"; };
		94FCDFA41CC9C9D900F952A0 /* UIView+RXExtension.h */ = {isa = PBXFileReference; fileEncoding = 4; lastKnownFileType = sourcecode.c.h; path = "UIView+RXExtension.h"; sourceTree = "<group>"; };
		94FCDFA51CC9C9D900F952A0 /* UIView+RXExtension.m */ = {isa = PBXFileReference; fileEncoding = 4; lastKnownFileType = sourcecode.c.objc; path = "UIView+RXExtension.m"; sourceTree = "<group>"; };
		94FCDFA81CC9C9D900F952A0 /* RXExampleHandler.h */ = {isa = PBXFileReference; fileEncoding = 4; lastKnownFileType = sourcecode.c.h; path = RXExampleHandler.h; sourceTree = "<group>"; };
		94FCDFA91CC9C9D900F952A0 /* RXExampleHandler.m */ = {isa = PBXFileReference; fileEncoding = 4; lastKnownFileType = sourcecode.c.objc; path = RXExampleHandler.m; sourceTree = "<group>"; };
		94FCDFAA1CC9C9D900F952A0 /* RXUriActionEngine.h */ = {isa = PBXFileReference; fileEncoding = 4; lastKnownFileType = sourcecode.c.h; path = RXUriActionEngine.h; sourceTree = "<group>"; };
		94FCDFAB1CC9C9D900F952A0 /* RXUriActionEngine.m */ = {isa = PBXFileReference; fileEncoding = 4; lastKnownFileType = sourcecode.c.objc; path = RXUriActionEngine.m; sourceTree = "<group>"; };
		94FCDFAE1CC9C9D900F952A0 /* RXChildAppVC.h */ = {isa = PBXFileReference; fileEncoding = 4; lastKnownFileType = sourcecode.c.h; path = RXChildAppVC.h; sourceTree = "<group>"; };
		94FCDFAF1CC9C9D900F952A0 /* RXChildAppVC.m */ = {isa = PBXFileReference; fileEncoding = 4; lastKnownFileType = sourcecode.c.objc; path = RXChildAppVC.m; sourceTree = "<group>"; };
		94FCDFB01CC9C9D900F952A0 /* RXJsBridge.h */ = {isa = PBXFileReference; fileEncoding = 4; lastKnownFileType = sourcecode.c.h; path = RXJsBridge.h; sourceTree = "<group>"; };
		94FCDFB11CC9C9D900F952A0 /* RXJsBridge.m */ = {isa = PBXFileReference; fileEncoding = 4; lastKnownFileType = sourcecode.c.objc; path = RXJsBridge.m; sourceTree = "<group>"; };
		94FCDFB21CC9C9D900F952A0 /* RXWebViewJsBridge.h */ = {isa = PBXFileReference; fileEncoding = 4; lastKnownFileType = sourcecode.c.h; path = RXWebViewJsBridge.h; sourceTree = "<group>"; };
		94FCDFB31CC9C9D900F952A0 /* RXWebViewJsBridge.js */ = {isa = PBXFileReference; fileEncoding = 4; lastKnownFileType = sourcecode.javascript; path = RXWebViewJsBridge.js; sourceTree = "<group>"; };
		94FCDFB41CC9C9D900F952A0 /* RXWebViewJsBridge.m */ = {isa = PBXFileReference; fileEncoding = 4; lastKnownFileType = sourcecode.c.objc; path = RXWebViewJsBridge.m; sourceTree = "<group>"; };
		94FCDFB61CC9C9D900F952A0 /* RXMarco.h */ = {isa = PBXFileReference; fileEncoding = 4; lastKnownFileType = sourcecode.c.h; path = RXMarco.h; sourceTree = "<group>"; };
		94FCDFB71CC9C9D900F952A0 /* RXSDK.h */ = {isa = PBXFileReference; fileEncoding = 4; lastKnownFileType = sourcecode.c.h; path = RXSDK.h; sourceTree = "<group>"; };
		94FCDFB91CC9C9D900F952A0 /* RXApiServiceEngine.h */ = {isa = PBXFileReference; fileEncoding = 4; lastKnownFileType = sourcecode.c.h; path = RXApiServiceEngine.h; sourceTree = "<group>"; };
		94FCDFBA1CC9C9D900F952A0 /* RXApiServiceEngine.m */ = {isa = PBXFileReference; fileEncoding = 4; lastKnownFileType = sourcecode.c.objc; path = RXApiServiceEngine.m; sourceTree = "<group>"; };
		94FCDFBB1CC9C9D900F952A0 /* RXApiServiceRequest.h */ = {isa = PBXFileReference; fileEncoding = 4; lastKnownFileType = sourcecode.c.h; path = RXApiServiceRequest.h; sourceTree = "<group>"; };
		94FCDFBC1CC9C9D900F952A0 /* RXApiServiceRequest.m */ = {isa = PBXFileReference; fileEncoding = 4; lastKnownFileType = sourcecode.c.objc; path = RXApiServiceRequest.m; sourceTree = "<group>"; };
		94FCDFBD1CC9C9D900F952A0 /* RXApiServiceResponse.h */ = {isa = PBXFileReference; fileEncoding = 4; lastKnownFileType = sourcecode.c.h; path = RXApiServiceResponse.h; sourceTree = "<group>"; };
		94FCDFBE1CC9C9D900F952A0 /* RXApiServiceResponse.m */ = {isa = PBXFileReference; fileEncoding = 4; lastKnownFileType = sourcecode.c.objc; path = RXApiServiceResponse.m; sourceTree = "<group>"; };
		94FCDFBF1CC9C9D900F952A0 /* RXBaseCompoent.h */ = {isa = PBXFileReference; fileEncoding = 4; lastKnownFileType = sourcecode.c.h; path = RXBaseCompoent.h; sourceTree = "<group>"; };
		94FCDFC01CC9C9D900F952A0 /* RXBaseCompoent.m */ = {isa = PBXFileReference; fileEncoding = 4; lastKnownFileType = sourcecode.c.objc; path = RXBaseCompoent.m; sourceTree = "<group>"; };
		94FCDFC11CC9C9D900F952A0 /* RXNetworkHeader.h */ = {isa = PBXFileReference; fileEncoding = 4; lastKnownFileType = sourcecode.c.h; path = RXNetworkHeader.h; sourceTree = "<group>"; };
		94FCDFC21CC9C9D900F952A0 /* RXRuntime.h */ = {isa = PBXFileReference; fileEncoding = 4; lastKnownFileType = sourcecode.c.h; path = RXRuntime.h; sourceTree = "<group>"; };
		94FCDFC31CC9C9D900F952A0 /* RXRuntime.m */ = {isa = PBXFileReference; fileEncoding = 4; lastKnownFileType = sourcecode.c.objc; path = RXRuntime.m; sourceTree = "<group>"; };
		94FCDFC41CC9C9D900F952A0 /* RXStatusDefine.h */ = {isa = PBXFileReference; fileEncoding = 4; lastKnownFileType = sourcecode.c.h; path = RXStatusDefine.h; sourceTree = "<group>"; };
		94FCDFC71CC9C9D900F952A0 /* UINavigationController+FDFullscreenPopGesture.h */ = {isa = PBXFileReference; fileEncoding = 4; lastKnownFileType = sourcecode.c.h; path = "UINavigationController+FDFullscreenPopGesture.h"; sourceTree = "<group>"; };
		94FCDFC81CC9C9D900F952A0 /* UINavigationController+FDFullscreenPopGesture.m */ = {isa = PBXFileReference; fileEncoding = 4; lastKnownFileType = sourcecode.c.objc; path = "UINavigationController+FDFullscreenPopGesture.m"; sourceTree = "<group>"; };
		94FCDFD01CC9C9D900F952A0 /* OpenUDID.h */ = {isa = PBXFileReference; fileEncoding = 4; lastKnownFileType = sourcecode.c.h; path = OpenUDID.h; sourceTree = "<group>"; };
		94FCDFD11CC9C9D900F952A0 /* OpenUDID.m */ = {isa = PBXFileReference; fileEncoding = 4; lastKnownFileType = sourcecode.c.objc; path = OpenUDID.m; sourceTree = "<group>"; };
		94FCDFD31CC9C9D900F952A0 /* KeychainItemWrapper.h */ = {isa = PBXFileReference; fileEncoding = 4; lastKnownFileType = sourcecode.c.h; path = KeychainItemWrapper.h; sourceTree = "<group>"; };
		94FCDFD41CC9C9D900F952A0 /* KeychainItemWrapper.m */ = {isa = PBXFileReference; fileEncoding = 4; lastKnownFileType = sourcecode.c.objc; path = KeychainItemWrapper.m; sourceTree = "<group>"; };
		94FCDFD71CC9C9D900F952A0 /* RXCoreLaunchLite.h */ = {isa = PBXFileReference; fileEncoding = 4; lastKnownFileType = sourcecode.c.h; path = RXCoreLaunchLite.h; sourceTree = "<group>"; };
		94FCDFD81CC9C9D900F952A0 /* RXCoreLaunchLite.m */ = {isa = PBXFileReference; fileEncoding = 4; lastKnownFileType = sourcecode.c.objc; path = RXCoreLaunchLite.m; sourceTree = "<group>"; };
		B7D14BD6A815DCEB63CC8CF5 /* libPods-RMRefresh.a */ = {isa = PBXFileReference; explicitFileType = archive.ar; includeInIndex = 0; path = "libPods-RMRefresh.a"; sourceTree = BUILT_PRODUCTS_DIR; };
		CEEAE4CB905F51B01260091F /* Pods-RMRefresh.release.xcconfig */ = {isa = PBXFileReference; includeInIndex = 1; lastKnownFileType = text.xcconfig; name = "Pods-RMRefresh.release.xcconfig"; path = "Pods/Target Support Files/Pods-RMRefresh/Pods-RMRefresh.release.xcconfig"; sourceTree = "<group>"; };
		D3DC5FC5204D47A1272A7CEE /* Pods-RMRefresh.debug.xcconfig */ = {isa = PBXFileReference; includeInIndex = 1; lastKnownFileType = text.xcconfig; name = "Pods-RMRefresh.debug.xcconfig"; path = "Pods/Target Support Files/Pods-RMRefresh/Pods-RMRefresh.debug.xcconfig"; sourceTree = "<group>"; };
/* End PBXFileReference section */

/* Begin PBXFrameworksBuildPhase section */
		9489809B1BC3E331007CFEAF /* Frameworks */ = {
			isa = PBXFrameworksBuildPhase;
			buildActionMask = 2147483647;
			files = (
				94BBCD331C1FC172006D6E18 /* Security.framework in Frameworks */,
				2F608434F0742A3C6F51722A /* libPods-RMRefresh.a in Frameworks */,
			);
			runOnlyForDeploymentPostprocessing = 0;
		};
		948980B41BC3E331007CFEAF /* Frameworks */ = {
			isa = PBXFrameworksBuildPhase;
			buildActionMask = 2147483647;
			files = (
			);
			runOnlyForDeploymentPostprocessing = 0;
		};
		948980BF1BC3E331007CFEAF /* Frameworks */ = {
			isa = PBXFrameworksBuildPhase;
			buildActionMask = 2147483647;
			files = (
			);
			runOnlyForDeploymentPostprocessing = 0;
		};
/* End PBXFrameworksBuildPhase section */

/* Begin PBXGroup section */
		3DCA1F94283341EC05344A15 /* Pods */ = {
			isa = PBXGroup;
			children = (
				D3DC5FC5204D47A1272A7CEE /* Pods-RMRefresh.debug.xcconfig */,
				CEEAE4CB905F51B01260091F /* Pods-RMRefresh.release.xcconfig */,
			);
			name = Pods;
			sourceTree = "<group>";
		};
		593EC651B6E9A890778A93C8 /* Frameworks */ = {
			isa = PBXGroup;
			children = (
				94BBCD321C1FC172006D6E18 /* Security.framework */,
				B7D14BD6A815DCEB63CC8CF5 /* libPods-RMRefresh.a */,
			);
			name = Frameworks;
			sourceTree = "<group>";
		};
		948980951BC3E330007CFEAF = {
			isa = PBXGroup;
			children = (
				948980A01BC3E331007CFEAF /* RMRefresh */,
				948980BA1BC3E331007CFEAF /* RMRefreshTests */,
				948980C51BC3E331007CFEAF /* RMRefreshUITests */,
				9489809F1BC3E331007CFEAF /* Products */,
				593EC651B6E9A890778A93C8 /* Frameworks */,
				3DCA1F94283341EC05344A15 /* Pods */,
			);
			sourceTree = "<group>";
		};
		9489809F1BC3E331007CFEAF /* Products */ = {
			isa = PBXGroup;
			children = (
				9489809E1BC3E331007CFEAF /* RMRefresh.app */,
				948980B71BC3E331007CFEAF /* RMRefreshTests.xctest */,
				948980C21BC3E331007CFEAF /* RMRefreshUITests.xctest */,
			);
			name = Products;
			sourceTree = "<group>";
		};
		948980A01BC3E331007CFEAF /* RMRefresh */ = {
			isa = PBXGroup;
			children = (
				94FCDF7A1CC9C9D900F952A0 /* RXSDK */,
				948980D51BC3E41C007CFEAF /* Classes */,
				948980A11BC3E331007CFEAF /* Supporting Files */,
			);
			path = RMRefresh;
			sourceTree = "<group>";
		};
		948980A11BC3E331007CFEAF /* Supporting Files */ = {
			isa = PBXGroup;
			children = (
				948980AA1BC3E331007CFEAF /* Main.storyboard */,
				948980AD1BC3E331007CFEAF /* Assets.xcassets */,
				948980AF1BC3E331007CFEAF /* LaunchScreen.storyboard */,
				948980B21BC3E331007CFEAF /* Info.plist */,
				948980A21BC3E331007CFEAF /* main.m */,
			);
			name = "Supporting Files";
			sourceTree = "<group>";
		};
		948980BA1BC3E331007CFEAF /* RMRefreshTests */ = {
			isa = PBXGroup;
			children = (
				948980BB1BC3E331007CFEAF /* RMRefreshTests.m */,
				948980BD1BC3E331007CFEAF /* Info.plist */,
			);
			path = RMRefreshTests;
			sourceTree = "<group>";
		};
		948980C51BC3E331007CFEAF /* RMRefreshUITests */ = {
			isa = PBXGroup;
			children = (
				948980C61BC3E331007CFEAF /* RMRefreshUITests.m */,
				948980C81BC3E331007CFEAF /* Info.plist */,
			);
			path = RMRefreshUITests;
			sourceTree = "<group>";
		};
		948980D51BC3E41C007CFEAF /* Classes */ = {
			isa = PBXGroup;
			children = (
				94FC2FFD1BFC4078002E97D6 /* AppDelegate.h */,
				94FC2FFE1BFC4078002E97D6 /* AppDelegate.m */,
				94FC2FFF1BFC4078002E97D6 /* ViewController.h */,
				94FC30001BFC4078002E97D6 /* ViewController.m */,
				94BBCD451C1FF124006D6E18 /* RXApiEngine.h */,
				94BBCD461C1FF124006D6E18 /* RXApiEngine.m */,
				94BBCD481C20241B006D6E18 /* EPOAuthManager.h */,
				94BBCD491C20241B006D6E18 /* EPOAuthManager.m */,
			);
			path = Classes;
			sourceTree = "<group>";
		};
		94FCDF7A1CC9C9D900F952A0 /* RXSDK */ = {
			isa = PBXGroup;
			children = (
				94FCDF7B1CC9C9D900F952A0 /* animation */,
				94FCDF911CC9C9D900F952A0 /* category */,
				94FCDFA61CC9C9D900F952A0 /* component */,
				94FCDFB51CC9C9D900F952A0 /* const */,
				94FCDFB81CC9C9D900F952A0 /* network */,
				94FCDFC51CC9C9D900F952A0 /* utility */,
				94FCDFD51CC9C9D900F952A0 /* widget */,
			);
			path = RXSDK;
			sourceTree = "<group>";
		};
		94FCDF7B1CC9C9D900F952A0 /* animation */ = {
			isa = PBXGroup;
			children = (
				94FCDF7C1CC9C9D900F952A0 /* ActivityIndicatorView */,
				94FCDF8A1CC9C9D900F952A0 /* HySubmit */,
			);
			path = animation;
			sourceTree = "<group>";
		};
		94FCDF7C1CC9C9D900F952A0 /* ActivityIndicatorView */ = {
			isa = PBXGroup;
			children = (
				94FCDF7D1CC9C9D900F952A0 /* NVActivityIndicatorAnimationBallClipRotate.h */,
				94FCDF7E1CC9C9D900F952A0 /* NVActivityIndicatorAnimationBallClipRotate.m */,
				94FCDF7F1CC9C9D900F952A0 /* NVActivityIndicatorAnimationBallPulse.h */,
				94FCDF801CC9C9D900F952A0 /* NVActivityIndicatorAnimationBallPulse.m */,
				94FCDF811CC9C9D900F952A0 /* NVActivityIndicatorAnimationBallScaleRippleMultiple.h */,
				94FCDF821CC9C9D900F952A0 /* NVActivityIndicatorAnimationBallScaleRippleMultiple.m */,
				94FCDF831CC9C9D900F952A0 /* NVActivityIndicatorAnimationBallSpinFadeLoader.h */,
				94FCDF841CC9C9D900F952A0 /* NVActivityIndicatorAnimationBallSpinFadeLoader.m */,
				94FCDF851CC9C9D900F952A0 /* NVActivityIndicatorAnimationDelegate.h */,
				94FCDF861CC9C9D900F952A0 /* NVActivityIndicatorShape.h */,
				94FCDF871CC9C9D900F952A0 /* NVActivityIndicatorShape.m */,
				94FCDF881CC9C9D900F952A0 /* NVActivityIndicatorView.h */,
				94FCDF891CC9C9D900F952A0 /* NVActivityIndicatorView.m */,
			);
			path = ActivityIndicatorView;
			sourceTree = "<group>";
		};
		94FCDF8A1CC9C9D900F952A0 /* HySubmit */ = {
			isa = PBXGroup;
			children = (
				94FCDF8B1CC9C9D900F952A0 /* RXHyLoglnButton.h */,
				94FCDF8C1CC9C9D900F952A0 /* RXHyLoglnButton.m */,
				94FCDF8D1CC9C9D900F952A0 /* RXHyTransitions.h */,
				94FCDF8E1CC9C9D900F952A0 /* RXHyTransitions.m */,
				94FCDF8F1CC9C9D900F952A0 /* RXSpinerLayer.h */,
				94FCDF901CC9C9D900F952A0 /* RXSpinerLayer.m */,
			);
			path = HySubmit;
			sourceTree = "<group>";
		};
		94FCDF911CC9C9D900F952A0 /* category */ = {
			isa = PBXGroup;
			children = (
				94FCDF921CC9C9D900F952A0 /* NSBundle+RXExtension.h */,
				94FCDF931CC9C9D900F952A0 /* NSBundle+RXExtension.m */,
				94FCDF941CC9C9D900F952A0 /* NSData+SDK_Encrypt.h */,
				94FCDF951CC9C9D900F952A0 /* NSData+SDK_Encrypt.m */,
				94FCDF961CC9C9D900F952A0 /* NSDate+RXExtension.h */,
				94FCDF971CC9C9D900F952A0 /* NSDate+RXExtension.m */,
				94FCDF981CC9C9D900F952A0 /* NSMutableDictionary+RXExtension.h */,
				94FCDF991CC9C9D900F952A0 /* NSMutableDictionary+RXExtension.m */,
				94FCDF9A1CC9C9D900F952A0 /* RXCategory.h */,
				94FCDF9B1CC9C9D900F952A0 /* RXSingleton.h */,
				94FCDF9C1CC9C9D900F952A0 /* UIBarButtonItem+RXExtension.h */,
				94FCDF9D1CC9C9D900F952A0 /* UIBarButtonItem+RXExtension.m */,
				94FCDF9E1CC9C9D900F952A0 /* UIColor+RXExtension.h */,
				94FCDF9F1CC9C9D900F952A0 /* UIColor+RXExtension.m */,
				94FCDFA01CC9C9D900F952A0 /* UIImage+RXExtension.h */,
				94FCDFA11CC9C9D900F952A0 /* UIImage+RXExtension.m */,
				94FCDFA21CC9C9D900F952A0 /* UIScrollView+EmptyDataSet.h */,
				94FCDFA31CC9C9D900F952A0 /* UIScrollView+EmptyDataSet.m */,
				94FCDFA41CC9C9D900F952A0 /* UIView+RXExtension.h */,
				94FCDFA51CC9C9D900F952A0 /* UIView+RXExtension.m */,
			);
			path = category;
			sourceTree = "<group>";
		};
		94FCDFA61CC9C9D900F952A0 /* component */ = {
			isa = PBXGroup;
			children = (
				94FCDFA71CC9C9D900F952A0 /* uri_engine */,
				94FCDFAC1CC9C9D900F952A0 /* WebViewJsBridge */,
			);
			path = component;
			sourceTree = "<group>";
		};
		94FCDFA71CC9C9D900F952A0 /* uri_engine */ = {
			isa = PBXGroup;
			children = (
				94FCDFA81CC9C9D900F952A0 /* RXExampleHandler.h */,
				94FCDFA91CC9C9D900F952A0 /* RXExampleHandler.m */,
				94FCDFAA1CC9C9D900F952A0 /* RXUriActionEngine.h */,
				94FCDFAB1CC9C9D900F952A0 /* RXUriActionEngine.m */,
			);
			path = uri_engine;
			sourceTree = "<group>";
		};
		94FCDFAC1CC9C9D900F952A0 /* WebViewJsBridge */ = {
			isa = PBXGroup;
			children = (
				94FCDFAD1CC9C9D900F952A0 /* example */,
				94FCDFB21CC9C9D900F952A0 /* RXWebViewJsBridge.h */,
				94FCDFB41CC9C9D900F952A0 /* RXWebViewJsBridge.m */,
				94FCDFB31CC9C9D900F952A0 /* RXWebViewJsBridge.js */,
			);
			path = WebViewJsBridge;
			sourceTree = "<group>";
		};
		94FCDFAD1CC9C9D900F952A0 /* example */ = {
			isa = PBXGroup;
			children = (
				94FCDFAE1CC9C9D900F952A0 /* RXChildAppVC.h */,
				94FCDFAF1CC9C9D900F952A0 /* RXChildAppVC.m */,
				94FCDFB01CC9C9D900F952A0 /* RXJsBridge.h */,
				94FCDFB11CC9C9D900F952A0 /* RXJsBridge.m */,
			);
			path = example;
			sourceTree = "<group>";
		};
		94FCDFB51CC9C9D900F952A0 /* const */ = {
			isa = PBXGroup;
			children = (
				94FCDFB61CC9C9D900F952A0 /* RXMarco.h */,
				94FCDFB71CC9C9D900F952A0 /* RXSDK.h */,
			);
			path = const;
			sourceTree = "<group>";
		};
		94FCDFB81CC9C9D900F952A0 /* network */ = {
			isa = PBXGroup;
			children = (
				94FCDFB91CC9C9D900F952A0 /* RXApiServiceEngine.h */,
				94FCDFBA1CC9C9D900F952A0 /* RXApiServiceEngine.m */,
				94FCDFBB1CC9C9D900F952A0 /* RXApiServiceRequest.h */,
				94FCDFBC1CC9C9D900F952A0 /* RXApiServiceRequest.m */,
				94FCDFBD1CC9C9D900F952A0 /* RXApiServiceResponse.h */,
				94FCDFBE1CC9C9D900F952A0 /* RXApiServiceResponse.m */,
				94FCDFBF1CC9C9D900F952A0 /* RXBaseCompoent.h */,
				94FCDFC01CC9C9D900F952A0 /* RXBaseCompoent.m */,
				94FCDFC11CC9C9D900F952A0 /* RXNetworkHeader.h */,
				94FCDFC21CC9C9D900F952A0 /* RXRuntime.h */,
				94FCDFC31CC9C9D900F952A0 /* RXRuntime.m */,
				94FCDFC41CC9C9D900F952A0 /* RXStatusDefine.h */,
			);
			path = network;
			sourceTree = "<group>";
		};
		94FCDFC51CC9C9D900F952A0 /* utility */ = {
			isa = PBXGroup;
			children = (
				94FCDFC61CC9C9D900F952A0 /* FDFullscreenPopGesture */,
				94FCDFCF1CC9C9D900F952A0 /* OpenUDID */,
				94FCDFD21CC9C9D900F952A0 /* security */,
			);
			path = utility;
			sourceTree = "<group>";
		};
		94FCDFC61CC9C9D900F952A0 /* FDFullscreenPopGesture */ = {
			isa = PBXGroup;
			children = (
				94FCDFC71CC9C9D900F952A0 /* UINavigationController+FDFullscreenPopGesture.h */,
				94FCDFC81CC9C9D900F952A0 /* UINavigationController+FDFullscreenPopGesture.m */,
			);
			path = FDFullscreenPopGesture;
			sourceTree = "<group>";
		};
		94FCDFCF1CC9C9D900F952A0 /* OpenUDID */ = {
			isa = PBXGroup;
			children = (
				94FCDFD01CC9C9D900F952A0 /* OpenUDID.h */,
				94FCDFD11CC9C9D900F952A0 /* OpenUDID.m */,
			);
			path = OpenUDID;
			sourceTree = "<group>";
		};
		94FCDFD21CC9C9D900F952A0 /* security */ = {
			isa = PBXGroup;
			children = (
				94FCDFD31CC9C9D900F952A0 /* KeychainItemWrapper.h */,
				94FCDFD41CC9C9D900F952A0 /* KeychainItemWrapper.m */,
			);
			path = security;
			sourceTree = "<group>";
		};
		94FCDFD51CC9C9D900F952A0 /* widget */ = {
			isa = PBXGroup;
			children = (
				94FCDFD61CC9C9D900F952A0 /* RXCoreLaunchLite */,
			);
			path = widget;
			sourceTree = "<group>";
		};
		94FCDFD61CC9C9D900F952A0 /* RXCoreLaunchLite */ = {
			isa = PBXGroup;
			children = (
				94FCDFD71CC9C9D900F952A0 /* RXCoreLaunchLite.h */,
				94FCDFD81CC9C9D900F952A0 /* RXCoreLaunchLite.m */,
			);
			path = RXCoreLaunchLite;
			sourceTree = "<group>";
		};
/* End PBXGroup section */

/* Begin PBXNativeTarget section */
		9489809D1BC3E331007CFEAF /* RMRefresh */ = {
			isa = PBXNativeTarget;
			buildConfigurationList = 948980CB1BC3E331007CFEAF /* Build configuration list for PBXNativeTarget "RMRefresh" */;
			buildPhases = (
				1FB9C0180E9FB61D5B7D558C /* Check Pods Manifest.lock */,
				9489809A1BC3E331007CFEAF /* Sources */,
				9489809B1BC3E331007CFEAF /* Frameworks */,
				9489809C1BC3E331007CFEAF /* Resources */,
				61EC926D9C9F91D0832463F3 /* Embed Pods Frameworks */,
				F2F441EBD64CADDA9DC541CF /* Copy Pods Resources */,
			);
			buildRules = (
			);
			dependencies = (
			);
			name = RMRefresh;
			productName = RMRefresh;
			productReference = 9489809E1BC3E331007CFEAF /* RMRefresh.app */;
			productType = "com.apple.product-type.application";
		};
		948980B61BC3E331007CFEAF /* RMRefreshTests */ = {
			isa = PBXNativeTarget;
			buildConfigurationList = 948980CE1BC3E331007CFEAF /* Build configuration list for PBXNativeTarget "RMRefreshTests" */;
			buildPhases = (
				948980B31BC3E331007CFEAF /* Sources */,
				948980B41BC3E331007CFEAF /* Frameworks */,
				948980B51BC3E331007CFEAF /* Resources */,
			);
			buildRules = (
			);
			dependencies = (
				948980B91BC3E331007CFEAF /* PBXTargetDependency */,
			);
			name = RMRefreshTests;
			productName = RMRefreshTests;
			productReference = 948980B71BC3E331007CFEAF /* RMRefreshTests.xctest */;
			productType = "com.apple.product-type.bundle.unit-test";
		};
		948980C11BC3E331007CFEAF /* RMRefreshUITests */ = {
			isa = PBXNativeTarget;
			buildConfigurationList = 948980D11BC3E331007CFEAF /* Build configuration list for PBXNativeTarget "RMRefreshUITests" */;
			buildPhases = (
				948980BE1BC3E331007CFEAF /* Sources */,
				948980BF1BC3E331007CFEAF /* Frameworks */,
				948980C01BC3E331007CFEAF /* Resources */,
			);
			buildRules = (
			);
			dependencies = (
				948980C41BC3E331007CFEAF /* PBXTargetDependency */,
			);
			name = RMRefreshUITests;
			productName = RMRefreshUITests;
			productReference = 948980C21BC3E331007CFEAF /* RMRefreshUITests.xctest */;
			productType = "com.apple.product-type.bundle.ui-testing";
		};
/* End PBXNativeTarget section */

/* Begin PBXProject section */
		948980961BC3E331007CFEAF /* Project object */ = {
			isa = PBXProject;
			attributes = {
				LastUpgradeCheck = 0700;
				ORGANIZATIONNAME = RyanShen;
				TargetAttributes = {
					9489809D1BC3E331007CFEAF = {
						CreatedOnToolsVersion = 7.0;
					};
					948980B61BC3E331007CFEAF = {
						CreatedOnToolsVersion = 7.0;
						TestTargetID = 9489809D1BC3E331007CFEAF;
					};
					948980C11BC3E331007CFEAF = {
						CreatedOnToolsVersion = 7.0;
						TestTargetID = 9489809D1BC3E331007CFEAF;
					};
				};
			};
			buildConfigurationList = 948980991BC3E331007CFEAF /* Build configuration list for PBXProject "RMRefresh" */;
			compatibilityVersion = "Xcode 3.2";
			developmentRegion = English;
			hasScannedForEncodings = 0;
			knownRegions = (
				en,
				Base,
			);
			mainGroup = 948980951BC3E330007CFEAF;
			productRefGroup = 9489809F1BC3E331007CFEAF /* Products */;
			projectDirPath = "";
			projectRoot = "";
			targets = (
				9489809D1BC3E331007CFEAF /* RMRefresh */,
				948980B61BC3E331007CFEAF /* RMRefreshTests */,
				948980C11BC3E331007CFEAF /* RMRefreshUITests */,
			);
		};
/* End PBXProject section */

/* Begin PBXResourcesBuildPhase section */
		9489809C1BC3E331007CFEAF /* Resources */ = {
			isa = PBXResourcesBuildPhase;
			buildActionMask = 2147483647;
			files = (
				94FCDFF41CC9C9D900F952A0 /* RXWebViewJsBridge.js in Resources */,
				948980B11BC3E331007CFEAF /* LaunchScreen.storyboard in Resources */,
				948980AE1BC3E331007CFEAF /* Assets.xcassets in Resources */,
				948980AC1BC3E331007CFEAF /* Main.storyboard in Resources */,
			);
			runOnlyForDeploymentPostprocessing = 0;
		};
		948980B51BC3E331007CFEAF /* Resources */ = {
			isa = PBXResourcesBuildPhase;
			buildActionMask = 2147483647;
			files = (
			);
			runOnlyForDeploymentPostprocessing = 0;
		};
		948980C01BC3E331007CFEAF /* Resources */ = {
			isa = PBXResourcesBuildPhase;
			buildActionMask = 2147483647;
			files = (
			);
			runOnlyForDeploymentPostprocessing = 0;
		};
/* End PBXResourcesBuildPhase section */

/* Begin PBXShellScriptBuildPhase section */
		1FB9C0180E9FB61D5B7D558C /* Check Pods Manifest.lock */ = {
			isa = PBXShellScriptBuildPhase;
			buildActionMask = 2147483647;
			files = (
			);
			inputPaths = (
			);
			name = "Check Pods Manifest.lock";
			outputPaths = (
			);
			runOnlyForDeploymentPostprocessing = 0;
			shellPath = /bin/sh;
			shellScript = "diff \"${PODS_ROOT}/../Podfile.lock\" \"${PODS_ROOT}/Manifest.lock\" > /dev/null\nif [[ $? != 0 ]] ; then\n    cat << EOM\nerror: The sandbox is not in sync with the Podfile.lock. Run 'pod install' or update your CocoaPods installation.\nEOM\n    exit 1\nfi\n";
			showEnvVarsInLog = 0;
		};
		61EC926D9C9F91D0832463F3 /* Embed Pods Frameworks */ = {
			isa = PBXShellScriptBuildPhase;
			buildActionMask = 2147483647;
			files = (
			);
			inputPaths = (
			);
			name = "Embed Pods Frameworks";
			outputPaths = (
			);
			runOnlyForDeploymentPostprocessing = 0;
			shellPath = /bin/sh;
			shellScript = "\"${SRCROOT}/Pods/Target Support Files/Pods-RMRefresh/Pods-RMRefresh-frameworks.sh\"\n";
			showEnvVarsInLog = 0;
		};
		F2F441EBD64CADDA9DC541CF /* Copy Pods Resources */ = {
			isa = PBXShellScriptBuildPhase;
			buildActionMask = 2147483647;
			files = (
			);
			inputPaths = (
			);
			name = "Copy Pods Resources";
			outputPaths = (
			);
			runOnlyForDeploymentPostprocessing = 0;
			shellPath = /bin/sh;
			shellScript = "\"${SRCROOT}/Pods/Target Support Files/Pods-RMRefresh/Pods-RMRefresh-resources.sh\"\n";
			showEnvVarsInLog = 0;
		};
/* End PBXShellScriptBuildPhase section */

/* Begin PBXSourcesBuildPhase section */
		9489809A1BC3E331007CFEAF /* Sources */ = {
			isa = PBXSourcesBuildPhase;
			buildActionMask = 2147483647;
			files = (
				94FCDFFB1CC9C9D900F952A0 /* UINavigationController+FDFullscreenPopGesture.m in Sources */,
				94FCDFEE1CC9C9D900F952A0 /* UIScrollView+EmptyDataSet.m in Sources */,
				94FCDFF31CC9C9D900F952A0 /* RXJsBridge.m in Sources */,
				94FCDFE51CC9C9D900F952A0 /* RXHyTransitions.m in Sources */,
				94FCDFED1CC9C9D900F952A0 /* UIImage+RXExtension.m in Sources */,
				94FC30011BFC4078002E97D6 /* AppDelegate.m in Sources */,
				94FCDFE01CC9C9D900F952A0 /* NVActivityIndicatorAnimationBallScaleRippleMultiple.m in Sources */,
				94FCDFEC1CC9C9D900F952A0 /* UIColor+RXExtension.m in Sources */,
				94FCDFDE1CC9C9D900F952A0 /* NVActivityIndicatorAnimationBallClipRotate.m in Sources */,
				94FCDFE41CC9C9D900F952A0 /* RXHyLoglnButton.m in Sources */,
				94FC30021BFC4078002E97D6 /* ViewController.m in Sources */,
				94FCDFE61CC9C9D900F952A0 /* RXSpinerLayer.m in Sources */,
				94FCDFF51CC9C9D900F952A0 /* RXWebViewJsBridge.m in Sources */,
				94FCDFFF1CC9C9D900F952A0 /* OpenUDID.m in Sources */,
				94FCDFF11CC9C9D900F952A0 /* RXUriActionEngine.m in Sources */,
				94FCDFE71CC9C9D900F952A0 /* NSBundle+RXExtension.m in Sources */,
				94FCDFDF1CC9C9D900F952A0 /* NVActivityIndicatorAnimationBallPulse.m in Sources */,
				94FCDFEA1CC9C9D900F952A0 /* NSMutableDictionary+RXExtension.m in Sources */,
				94BBCD471C1FF124006D6E18 /* RXApiEngine.m in Sources */,
				948980A31BC3E331007CFEAF /* main.m in Sources */,
				94FCDFF71CC9C9D900F952A0 /* RXApiServiceRequest.m in Sources */,
				94FCDFE81CC9C9D900F952A0 /* NSData+SDK_Encrypt.m in Sources */,
				94FCDFFA1CC9C9D900F952A0 /* RXRuntime.m in Sources */,
				94BBCD4A1C20241B006D6E18 /* EPOAuthManager.m in Sources */,
				94FCE0001CC9C9D900F952A0 /* KeychainItemWrapper.m in Sources */,
				94FCDFF91CC9C9D900F952A0 /* RXBaseCompoent.m in Sources */,
				94FCDFF01CC9C9D900F952A0 /* RXExampleHandler.m in Sources */,
				94FCDFF21CC9C9D900F952A0 /* RXChildAppVC.m in Sources */,
				94FCDFEB1CC9C9D900F952A0 /* UIBarButtonItem+RXExtension.m in Sources */,
				94FCDFF81CC9C9D900F952A0 /* RXApiServiceResponse.m in Sources */,
				94FCDFE21CC9C9D900F952A0 /* NVActivityIndicatorShape.m in Sources */,
				94FCDFF61CC9C9D900F952A0 /* RXApiServiceEngine.m in Sources */,
				94FCE0011CC9C9D900F952A0 /* RXCoreLaunchLite.m in Sources */,
				94FCDFE31CC9C9D900F952A0 /* NVActivityIndicatorView.m in Sources */,
				94FCDFE91CC9C9D900F952A0 /* NSDate+RXExtension.m in Sources */,
				94FCDFE11CC9C9D900F952A0 /* NVActivityIndicatorAnimationBallSpinFadeLoader.m in Sources */,
				94FCDFEF1CC9C9D900F952A0 /* UIView+RXExtension.m in Sources */,
			);
			runOnlyForDeploymentPostprocessing = 0;
		};
		948980B31BC3E331007CFEAF /* Sources */ = {
			isa = PBXSourcesBuildPhase;
			buildActionMask = 2147483647;
			files = (
				948980BC1BC3E331007CFEAF /* RMRefreshTests.m in Sources */,
			);
			runOnlyForDeploymentPostprocessing = 0;
		};
		948980BE1BC3E331007CFEAF /* Sources */ = {
			isa = PBXSourcesBuildPhase;
			buildActionMask = 2147483647;
			files = (
				948980C71BC3E331007CFEAF /* RMRefreshUITests.m in Sources */,
			);
			runOnlyForDeploymentPostprocessing = 0;
		};
/* End PBXSourcesBuildPhase section */

/* Begin PBXTargetDependency section */
		948980B91BC3E331007CFEAF /* PBXTargetDependency */ = {
			isa = PBXTargetDependency;
			target = 9489809D1BC3E331007CFEAF /* RMRefresh */;
			targetProxy = 948980B81BC3E331007CFEAF /* PBXContainerItemProxy */;
		};
		948980C41BC3E331007CFEAF /* PBXTargetDependency */ = {
			isa = PBXTargetDependency;
			target = 9489809D1BC3E331007CFEAF /* RMRefresh */;
			targetProxy = 948980C31BC3E331007CFEAF /* PBXContainerItemProxy */;
		};
/* End PBXTargetDependency section */

/* Begin PBXVariantGroup section */
		948980AA1BC3E331007CFEAF /* Main.storyboard */ = {
			isa = PBXVariantGroup;
			children = (
				948980AB1BC3E331007CFEAF /* Base */,
			);
			name = Main.storyboard;
			sourceTree = "<group>";
		};
		948980AF1BC3E331007CFEAF /* LaunchScreen.storyboard */ = {
			isa = PBXVariantGroup;
			children = (
				948980B01BC3E331007CFEAF /* Base */,
			);
			name = LaunchScreen.storyboard;
			sourceTree = "<group>";
		};
/* End PBXVariantGroup section */

/* Begin XCBuildConfiguration section */
		948980C91BC3E331007CFEAF /* Debug */ = {
			isa = XCBuildConfiguration;
			buildSettings = {
				ALWAYS_SEARCH_USER_PATHS = NO;
				CLANG_CXX_LANGUAGE_STANDARD = "gnu++0x";
				CLANG_CXX_LIBRARY = "libc++";
				CLANG_ENABLE_MODULES = YES;
				CLANG_ENABLE_OBJC_ARC = YES;
				CLANG_WARN_BOOL_CONVERSION = YES;
				CLANG_WARN_CONSTANT_CONVERSION = YES;
				CLANG_WARN_DIRECT_OBJC_ISA_USAGE = YES_ERROR;
				CLANG_WARN_EMPTY_BODY = YES;
				CLANG_WARN_ENUM_CONVERSION = YES;
				CLANG_WARN_INT_CONVERSION = YES;
				CLANG_WARN_OBJC_ROOT_CLASS = YES_ERROR;
				CLANG_WARN_UNREACHABLE_CODE = YES;
				CLANG_WARN__DUPLICATE_METHOD_MATCH = YES;
				"CODE_SIGN_IDENTITY[sdk=iphoneos*]" = "iPhone Developer";
				COPY_PHASE_STRIP = NO;
				DEBUG_INFORMATION_FORMAT = dwarf;
				ENABLE_STRICT_OBJC_MSGSEND = YES;
				ENABLE_TESTABILITY = YES;
				GCC_C_LANGUAGE_STANDARD = gnu99;
				GCC_DYNAMIC_NO_PIC = NO;
				GCC_NO_COMMON_BLOCKS = YES;
				GCC_OPTIMIZATION_LEVEL = 0;
				GCC_PREPROCESSOR_DEFINITIONS = (
					"DEBUG=1",
					"$(inherited)",
				);
				GCC_WARN_64_TO_32_BIT_CONVERSION = YES;
				GCC_WARN_ABOUT_RETURN_TYPE = YES_ERROR;
				GCC_WARN_UNDECLARED_SELECTOR = YES;
				GCC_WARN_UNINITIALIZED_AUTOS = YES_AGGRESSIVE;
				GCC_WARN_UNUSED_FUNCTION = YES;
				GCC_WARN_UNUSED_VARIABLE = YES;
				IPHONEOS_DEPLOYMENT_TARGET = 9.0;
				MTL_ENABLE_DEBUG_INFO = YES;
				ONLY_ACTIVE_ARCH = YES;
				SDKROOT = iphoneos;
			};
			name = Debug;
		};
		948980CA1BC3E331007CFEAF /* Release */ = {
			isa = XCBuildConfiguration;
			buildSettings = {
				ALWAYS_SEARCH_USER_PATHS = NO;
				CLANG_CXX_LANGUAGE_STANDARD = "gnu++0x";
				CLANG_CXX_LIBRARY = "libc++";
				CLANG_ENABLE_MODULES = YES;
				CLANG_ENABLE_OBJC_ARC = YES;
				CLANG_WARN_BOOL_CONVERSION = YES;
				CLANG_WARN_CONSTANT_CONVERSION = YES;
				CLANG_WARN_DIRECT_OBJC_ISA_USAGE = YES_ERROR;
				CLANG_WARN_EMPTY_BODY = YES;
				CLANG_WARN_ENUM_CONVERSION = YES;
				CLANG_WARN_INT_CONVERSION = YES;
				CLANG_WARN_OBJC_ROOT_CLASS = YES_ERROR;
				CLANG_WARN_UNREACHABLE_CODE = YES;
				CLANG_WARN__DUPLICATE_METHOD_MATCH = YES;
				"CODE_SIGN_IDENTITY[sdk=iphoneos*]" = "iPhone Developer";
				COPY_PHASE_STRIP = NO;
				DEBUG_INFORMATION_FORMAT = "dwarf-with-dsym";
				ENABLE_NS_ASSERTIONS = NO;
				ENABLE_STRICT_OBJC_MSGSEND = YES;
				GCC_C_LANGUAGE_STANDARD = gnu99;
				GCC_NO_COMMON_BLOCKS = YES;
				GCC_WARN_64_TO_32_BIT_CONVERSION = YES;
				GCC_WARN_ABOUT_RETURN_TYPE = YES_ERROR;
				GCC_WARN_UNDECLARED_SELECTOR = YES;
				GCC_WARN_UNINITIALIZED_AUTOS = YES_AGGRESSIVE;
				GCC_WARN_UNUSED_FUNCTION = YES;
				GCC_WARN_UNUSED_VARIABLE = YES;
				IPHONEOS_DEPLOYMENT_TARGET = 9.0;
				MTL_ENABLE_DEBUG_INFO = NO;
				SDKROOT = iphoneos;
				VALIDATE_PRODUCT = YES;
			};
			name = Release;
		};
		948980CC1BC3E331007CFEAF /* Debug */ = {
			isa = XCBuildConfiguration;
			baseConfigurationReference = D3DC5FC5204D47A1272A7CEE /* Pods-RMRefresh.debug.xcconfig */;
			buildSettings = {
				ASSETCATALOG_COMPILER_APPICON_NAME = AppIcon;
				INFOPLIST_FILE = RMRefresh/Info.plist;
				IPHONEOS_DEPLOYMENT_TARGET = 8.0;
				LD_RUNPATH_SEARCH_PATHS = "$(inherited) @executable_path/Frameworks";
				PRODUCT_BUNDLE_IDENTIFIER = com.ryan.RMRefresh;
				PRODUCT_NAME = "$(TARGET_NAME)";
			};
			name = Debug;
		};
		948980CD1BC3E331007CFEAF /* Release */ = {
			isa = XCBuildConfiguration;
			baseConfigurationReference = CEEAE4CB905F51B01260091F /* Pods-RMRefresh.release.xcconfig */;
			buildSettings = {
				ASSETCATALOG_COMPILER_APPICON_NAME = AppIcon;
				INFOPLIST_FILE = RMRefresh/Info.plist;
				IPHONEOS_DEPLOYMENT_TARGET = 8.0;
				LD_RUNPATH_SEARCH_PATHS = "$(inherited) @executable_path/Frameworks";
				PRODUCT_BUNDLE_IDENTIFIER = com.ryan.RMRefresh;
				PRODUCT_NAME = "$(TARGET_NAME)";
			};
			name = Release;
		};
		948980CF1BC3E331007CFEAF /* Debug */ = {
			isa = XCBuildConfiguration;
			buildSettings = {
				BUNDLE_LOADER = "$(TEST_HOST)";
				INFOPLIST_FILE = RMRefreshTests/Info.plist;
				LD_RUNPATH_SEARCH_PATHS = "$(inherited) @executable_path/Frameworks @loader_path/Frameworks";
				PRODUCT_BUNDLE_IDENTIFIER = com.ryan.RMRefreshTests;
				PRODUCT_NAME = "$(TARGET_NAME)";
				TEST_HOST = "$(BUILT_PRODUCTS_DIR)/RMRefresh.app/RMRefresh";
			};
			name = Debug;
		};
		948980D01BC3E331007CFEAF /* Release */ = {
			isa = XCBuildConfiguration;
			buildSettings = {
				BUNDLE_LOADER = "$(TEST_HOST)";
				INFOPLIST_FILE = RMRefreshTests/Info.plist;
				LD_RUNPATH_SEARCH_PATHS = "$(inherited) @executable_path/Frameworks @loader_path/Frameworks";
				PRODUCT_BUNDLE_IDENTIFIER = com.ryan.RMRefreshTests;
				PRODUCT_NAME = "$(TARGET_NAME)";
				TEST_HOST = "$(BUILT_PRODUCTS_DIR)/RMRefresh.app/RMRefresh";
			};
			name = Release;
		};
		948980D21BC3E331007CFEAF /* Debug */ = {
			isa = XCBuildConfiguration;
			buildSettings = {
				INFOPLIST_FILE = RMRefreshUITests/Info.plist;
				LD_RUNPATH_SEARCH_PATHS = "$(inherited) @executable_path/Frameworks @loader_path/Frameworks";
				PRODUCT_BUNDLE_IDENTIFIER = com.ryan.RMRefreshUITests;
				PRODUCT_NAME = "$(TARGET_NAME)";
				TEST_TARGET_NAME = RMRefresh;
				USES_XCTRUNNER = YES;
			};
			name = Debug;
		};
		948980D31BC3E331007CFEAF /* Release */ = {
			isa = XCBuildConfiguration;
			buildSettings = {
				INFOPLIST_FILE = RMRefreshUITests/Info.plist;
				LD_RUNPATH_SEARCH_PATHS = "$(inherited) @executable_path/Frameworks @loader_path/Frameworks";
				PRODUCT_BUNDLE_IDENTIFIER = com.ryan.RMRefreshUITests;
				PRODUCT_NAME = "$(TARGET_NAME)";
				TEST_TARGET_NAME = RMRefresh;
				USES_XCTRUNNER = YES;
			};
			name = Release;
		};
/* End XCBuildConfiguration section */

/* Begin XCConfigurationList section */
		948980991BC3E331007CFEAF /* Build configuration list for PBXProject "RMRefresh" */ = {
			isa = XCConfigurationList;
			buildConfigurations = (
				948980C91BC3E331007CFEAF /* Debug */,
				948980CA1BC3E331007CFEAF /* Release */,
			);
			defaultConfigurationIsVisible = 0;
			defaultConfigurationName = Release;
		};
		948980CB1BC3E331007CFEAF /* Build configuration list for PBXNativeTarget "RMRefresh" */ = {
			isa = XCConfigurationList;
			buildConfigurations = (
				948980CC1BC3E331007CFEAF /* Debug */,
				948980CD1BC3E331007CFEAF /* Release */,
			);
			defaultConfigurationIsVisible = 0;
			defaultConfigurationName = Release;
		};
		948980CE1BC3E331007CFEAF /* Build configuration list for PBXNativeTarget "RMRefreshTests" */ = {
			isa = XCConfigurationList;
			buildConfigurations = (
				948980CF1BC3E331007CFEAF /* Debug */,
				948980D01BC3E331007CFEAF /* Release */,
			);
			defaultConfigurationIsVisible = 0;
			defaultConfigurationName = Release;
		};
		948980D11BC3E331007CFEAF /* Build configuration list for PBXNativeTarget "RMRefreshUITests" */ = {
			isa = XCConfigurationList;
			buildConfigurations = (
				948980D21BC3E331007CFEAF /* Debug */,
				948980D31BC3E331007CFEAF /* Release */,
			);
			defaultConfigurationIsVisible = 0;
			defaultConfigurationName = Release;
		};
/* End XCConfigurationList section */
	};
	rootObject = 948980961BC3E331007CFEAF /* Project object */;
}
