// !$*UTF8*$!
{
	archiveVersion = 1;
	classes = {
	};
	objectVersion = 46;
	objects = {

/* Begin PBXBuildFile section */
		948980A31BC3E331007CFEAF /* main.m in Sources */ = {isa = PBXBuildFile; fileRef = 948980A21BC3E331007CFEAF /* main.m */; };
		948980AC1BC3E331007CFEAF /* Main.storyboard in Resources */ = {isa = PBXBuildFile; fileRef = 948980AA1BC3E331007CFEAF /* Main.storyboard */; };
		948980AE1BC3E331007CFEAF /* Assets.xcassets in Resources */ = {isa = PBXBuildFile; fileRef = 948980AD1BC3E331007CFEAF /* Assets.xcassets */; };
		948980B11BC3E331007CFEAF /* LaunchScreen.storyboard in Resources */ = {isa = PBXBuildFile; fileRef = 948980AF1BC3E331007CFEAF /* LaunchScreen.storyboard */; };
		948980BC1BC3E331007CFEAF /* RMRefreshTests.m in Sources */ = {isa = PBXBuildFile; fileRef = 948980BB1BC3E331007CFEAF /* RMRefreshTests.m */; };
		948980C71BC3E331007CFEAF /* RMRefreshUITests.m in Sources */ = {isa = PBXBuildFile; fileRef = 948980C61BC3E331007CFEAF /* RMRefreshUITests.m */; };
		94BBCD0C1C1FBD9E006D6E18 /* NVActivityIndicatorAnimationBallClipRotate.m in Sources */ = {isa = PBXBuildFile; fileRef = 94BBCCAD1C1FBD9E006D6E18 /* NVActivityIndicatorAnimationBallClipRotate.m */; };
		94BBCD0D1C1FBD9E006D6E18 /* NVActivityIndicatorAnimationBallPulse.m in Sources */ = {isa = PBXBuildFile; fileRef = 94BBCCAF1C1FBD9E006D6E18 /* NVActivityIndicatorAnimationBallPulse.m */; };
		94BBCD0E1C1FBD9E006D6E18 /* NVActivityIndicatorAnimationBallScaleRippleMultiple.m in Sources */ = {isa = PBXBuildFile; fileRef = 94BBCCB11C1FBD9E006D6E18 /* NVActivityIndicatorAnimationBallScaleRippleMultiple.m */; };
		94BBCD0F1C1FBD9E006D6E18 /* NVActivityIndicatorAnimationBallSpinFadeLoader.m in Sources */ = {isa = PBXBuildFile; fileRef = 94BBCCB31C1FBD9E006D6E18 /* NVActivityIndicatorAnimationBallSpinFadeLoader.m */; };
		94BBCD101C1FBD9E006D6E18 /* NVActivityIndicatorShape.m in Sources */ = {isa = PBXBuildFile; fileRef = 94BBCCB61C1FBD9E006D6E18 /* NVActivityIndicatorShape.m */; };
		94BBCD111C1FBD9E006D6E18 /* NVActivityIndicatorView.m in Sources */ = {isa = PBXBuildFile; fileRef = 94BBCCB81C1FBD9E006D6E18 /* NVActivityIndicatorView.m */; };
		94BBCD121C1FBD9E006D6E18 /* RXHyLoglnButton.m in Sources */ = {isa = PBXBuildFile; fileRef = 94BBCCBB1C1FBD9E006D6E18 /* RXHyLoglnButton.m */; };
		94BBCD131C1FBD9E006D6E18 /* RXHyTransitions.m in Sources */ = {isa = PBXBuildFile; fileRef = 94BBCCBD1C1FBD9E006D6E18 /* RXHyTransitions.m */; };
		94BBCD141C1FBD9E006D6E18 /* RXSpinerLayer.m in Sources */ = {isa = PBXBuildFile; fileRef = 94BBCCBF1C1FBD9E006D6E18 /* RXSpinerLayer.m */; };
		94BBCD151C1FBD9E006D6E18 /* NSBundle+RXExtension.m in Sources */ = {isa = PBXBuildFile; fileRef = 94BBCCC21C1FBD9E006D6E18 /* NSBundle+RXExtension.m */; };
		94BBCD161C1FBD9E006D6E18 /* NSData+SDK_Encrypt.m in Sources */ = {isa = PBXBuildFile; fileRef = 94BBCCC41C1FBD9E006D6E18 /* NSData+SDK_Encrypt.m */; };
		94BBCD171C1FBD9E006D6E18 /* NSDate+RXExtension.m in Sources */ = {isa = PBXBuildFile; fileRef = 94BBCCC61C1FBD9E006D6E18 /* NSDate+RXExtension.m */; };
		94BBCD181C1FBD9E006D6E18 /* NSMutableDictionary+RXExtension.m in Sources */ = {isa = PBXBuildFile; fileRef = 94BBCCC81C1FBD9E006D6E18 /* NSMutableDictionary+RXExtension.m */; };
		94BBCD191C1FBD9E006D6E18 /* UIBarButtonItem+RXExtension.m in Sources */ = {isa = PBXBuildFile; fileRef = 94BBCCCC1C1FBD9E006D6E18 /* UIBarButtonItem+RXExtension.m */; };
		94BBCD1A1C1FBD9E006D6E18 /* UIColor+RXExtension.m in Sources */ = {isa = PBXBuildFile; fileRef = 94BBCCCE1C1FBD9E006D6E18 /* UIColor+RXExtension.m */; };
		94BBCD1B1C1FBD9E006D6E18 /* UIImage+RXExtension.m in Sources */ = {isa = PBXBuildFile; fileRef = 94BBCCD01C1FBD9E006D6E18 /* UIImage+RXExtension.m */; };
		94BBCD1C1C1FBD9E006D6E18 /* UIScrollView+EmptyDataSet.m in Sources */ = {isa = PBXBuildFile; fileRef = 94BBCCD21C1FBD9E006D6E18 /* UIScrollView+EmptyDataSet.m */; };
		94BBCD1D1C1FBD9E006D6E18 /* UIView+RXExtension.m in Sources */ = {isa = PBXBuildFile; fileRef = 94BBCCD41C1FBD9E006D6E18 /* UIView+RXExtension.m */; };
		94BBCD1E1C1FBD9E006D6E18 /* RXExampleHandler.m in Sources */ = {isa = PBXBuildFile; fileRef = 94BBCCD81C1FBD9E006D6E18 /* RXExampleHandler.m */; };
		94BBCD1F1C1FBD9E006D6E18 /* RXUriActionEngine.m in Sources */ = {isa = PBXBuildFile; fileRef = 94BBCCDA1C1FBD9E006D6E18 /* RXUriActionEngine.m */; };
		94BBCD201C1FBD9E006D6E18 /* RXChildAppVC.m in Sources */ = {isa = PBXBuildFile; fileRef = 94BBCCDE1C1FBD9E006D6E18 /* RXChildAppVC.m */; };
		94BBCD211C1FBD9E006D6E18 /* RXJsBridge.m in Sources */ = {isa = PBXBuildFile; fileRef = 94BBCCE01C1FBD9E006D6E18 /* RXJsBridge.m */; };
		94BBCD221C1FBD9E006D6E18 /* RXWebViewJsBridge.js in Resources */ = {isa = PBXBuildFile; fileRef = 94BBCCE21C1FBD9E006D6E18 /* RXWebViewJsBridge.js */; };
		94BBCD231C1FBD9E006D6E18 /* RXWebViewJsBridge.m in Sources */ = {isa = PBXBuildFile; fileRef = 94BBCCE31C1FBD9E006D6E18 /* RXWebViewJsBridge.m */; };
		94BBCD251C1FBD9E006D6E18 /* RXApiServiceEngine.m in Sources */ = {isa = PBXBuildFile; fileRef = 94BBCCEB1C1FBD9E006D6E18 /* RXApiServiceEngine.m */; };
		94BBCD261C1FBD9E006D6E18 /* RXApiServiceRequest.m in Sources */ = {isa = PBXBuildFile; fileRef = 94BBCCED1C1FBD9E006D6E18 /* RXApiServiceRequest.m */; };
		94BBCD271C1FBD9E006D6E18 /* RXApiServiceResponse.m in Sources */ = {isa = PBXBuildFile; fileRef = 94BBCCEF1C1FBD9E006D6E18 /* RXApiServiceResponse.m */; };
		94BBCD281C1FBD9E006D6E18 /* RXBaseCompoent.m in Sources */ = {isa = PBXBuildFile; fileRef = 94BBCCF11C1FBD9E006D6E18 /* RXBaseCompoent.m */; };
		94BBCD291C1FBD9E006D6E18 /* RXRuntime.m in Sources */ = {isa = PBXBuildFile; fileRef = 94BBCCF41C1FBD9E006D6E18 /* RXRuntime.m */; };
		94BBCD2A1C1FBD9E006D6E18 /* UINavigationController+FDFullscreenPopGesture.m in Sources */ = {isa = PBXBuildFile; fileRef = 94BBCCF91C1FBD9E006D6E18 /* UINavigationController+FDFullscreenPopGesture.m */; };
		94BBCD2B1C1FBD9E006D6E18 /* MBProgressHUD+Extension.m in Sources */ = {isa = PBXBuildFile; fileRef = 94BBCCFC1C1FBD9E006D6E18 /* MBProgressHUD+Extension.m */; };
		94BBCD2C1C1FBD9E006D6E18 /* MBProgressHUD.bundle in Resources */ = {isa = PBXBuildFile; fileRef = 94BBCCFD1C1FBD9E006D6E18 /* MBProgressHUD.bundle */; };
		94BBCD2D1C1FBD9E006D6E18 /* MBProgressHUD.m in Sources */ = {isa = PBXBuildFile; fileRef = 94BBCCFF1C1FBD9E006D6E18 /* MBProgressHUD.m */; };
		94BBCD2E1C1FBD9E006D6E18 /* OpenUDID.m in Sources */ = {isa = PBXBuildFile; fileRef = 94BBCD021C1FBD9E006D6E18 /* OpenUDID.m */; };
		94BBCD2F1C1FBD9E006D6E18 /* RXCoreLaunchLite.m in Sources */ = {isa = PBXBuildFile; fileRef = 94BBCD061C1FBD9E006D6E18 /* RXCoreLaunchLite.m */; };
		94BBCD301C1FBD9E006D6E18 /* NirKxMenu.m in Sources */ = {isa = PBXBuildFile; fileRef = 94BBCD091C1FBD9E006D6E18 /* NirKxMenu.m */; };
		94BBCD311C1FBD9E006D6E18 /* RXKxMenu.m in Sources */ = {isa = PBXBuildFile; fileRef = 94BBCD0B1C1FBD9E006D6E18 /* RXKxMenu.m */; };
		94BBCD331C1FC172006D6E18 /* Security.framework in Frameworks */ = {isa = PBXBuildFile; fileRef = 94BBCD321C1FC172006D6E18 /* Security.framework */; };
		94BBCD3B1C1FC35D006D6E18 /* KeychainItemWrapper.m in Sources */ = {isa = PBXBuildFile; fileRef = 94BBCD3A1C1FC35D006D6E18 /* KeychainItemWrapper.m */; };
		94BBCD471C1FF124006D6E18 /* RXApiEngine.m in Sources */ = {isa = PBXBuildFile; fileRef = 94BBCD461C1FF124006D6E18 /* RXApiEngine.m */; };
		94BBCD4A1C20241B006D6E18 /* EPOAuthManager.m in Sources */ = {isa = PBXBuildFile; fileRef = 94BBCD491C20241B006D6E18 /* EPOAuthManager.m */; };
		94FC30011BFC4078002E97D6 /* AppDelegate.m in Sources */ = {isa = PBXBuildFile; fileRef = 94FC2FFE1BFC4078002E97D6 /* AppDelegate.m */; };
		94FC30021BFC4078002E97D6 /* ViewController.m in Sources */ = {isa = PBXBuildFile; fileRef = 94FC30001BFC4078002E97D6 /* ViewController.m */; };
		C610071147EBC5E2895B5D7C /* libPods.a in Frameworks */ = {isa = PBXBuildFile; fileRef = 2805CC052CC9AF00A1D347C8 /* libPods.a */; };
/* End PBXBuildFile section */

/* Begin PBXContainerItemProxy section */
		948980B81BC3E331007CFEAF /* PBXContainerItemProxy */ = {
			isa = PBXContainerItemProxy;
			containerPortal = 948980961BC3E331007CFEAF /* Project object */;
			proxyType = 1;
			remoteGlobalIDString = 9489809D1BC3E331007CFEAF;
			remoteInfo = RMRefresh;
		};
		948980C31BC3E331007CFEAF /* PBXContainerItemProxy */ = {
			isa = PBXContainerItemProxy;
			containerPortal = 948980961BC3E331007CFEAF /* Project object */;
			proxyType = 1;
			remoteGlobalIDString = 9489809D1BC3E331007CFEAF;
			remoteInfo = RMRefresh;
		};
/* End PBXContainerItemProxy section */

/* Begin PBXFileReference section */
		009880665ADF2B7ACBF04296 /* Pods.release.xcconfig */ = {isa = PBXFileReference; includeInIndex = 1; lastKnownFileType = text.xcconfig; name = Pods.release.xcconfig; path = "Pods/Target Support Files/Pods/Pods.release.xcconfig"; sourceTree = "<group>"; };
		2805CC052CC9AF00A1D347C8 /* libPods.a */ = {isa = PBXFileReference; explicitFileType = archive.ar; includeInIndex = 0; path = libPods.a; sourceTree = BUILT_PRODUCTS_DIR; };
		774211E6B84952C2C72671F3 /* Pods.debug.xcconfig */ = {isa = PBXFileReference; includeInIndex = 1; lastKnownFileType = text.xcconfig; name = Pods.debug.xcconfig; path = "Pods/Target Support Files/Pods/Pods.debug.xcconfig"; sourceTree = "<group>"; };
		9489809E1BC3E331007CFEAF /* RMRefresh.app */ = {isa = PBXFileReference; explicitFileType = wrapper.application; includeInIndex = 0; path = RMRefresh.app; sourceTree = BUILT_PRODUCTS_DIR; };
		948980A21BC3E331007CFEAF /* main.m */ = {isa = PBXFileReference; lastKnownFileType = sourcecode.c.objc; path = main.m; sourceTree = "<group>"; };
		948980AB1BC3E331007CFEAF /* Base */ = {isa = PBXFileReference; lastKnownFileType = file.storyboard; name = Base; path = Base.lproj/Main.storyboard; sourceTree = "<group>"; };
		948980AD1BC3E331007CFEAF /* Assets.xcassets */ = {isa = PBXFileReference; lastKnownFileType = folder.assetcatalog; path = Assets.xcassets; sourceTree = "<group>"; };
		948980B01BC3E331007CFEAF /* Base */ = {isa = PBXFileReference; lastKnownFileType = file.storyboard; name = Base; path = Base.lproj/LaunchScreen.storyboard; sourceTree = "<group>"; };
		948980B21BC3E331007CFEAF /* Info.plist */ = {isa = PBXFileReference; lastKnownFileType = text.plist.xml; path = Info.plist; sourceTree = "<group>"; };
		948980B71BC3E331007CFEAF /* RMRefreshTests.xctest */ = {isa = PBXFileReference; explicitFileType = wrapper.cfbundle; includeInIndex = 0; path = RMRefreshTests.xctest; sourceTree = BUILT_PRODUCTS_DIR; };
		948980BB1BC3E331007CFEAF /* RMRefreshTests.m */ = {isa = PBXFileReference; lastKnownFileType = sourcecode.c.objc; path = RMRefreshTests.m; sourceTree = "<group>"; };
		948980BD1BC3E331007CFEAF /* Info.plist */ = {isa = PBXFileReference; lastKnownFileType = text.plist.xml; path = Info.plist; sourceTree = "<group>"; };
		948980C21BC3E331007CFEAF /* RMRefreshUITests.xctest */ = {isa = PBXFileReference; explicitFileType = wrapper.cfbundle; includeInIndex = 0; path = RMRefreshUITests.xctest; sourceTree = BUILT_PRODUCTS_DIR; };
		948980C61BC3E331007CFEAF /* RMRefreshUITests.m */ = {isa = PBXFileReference; lastKnownFileType = sourcecode.c.objc; path = RMRefreshUITests.m; sourceTree = "<group>"; };
		948980C81BC3E331007CFEAF /* Info.plist */ = {isa = PBXFileReference; lastKnownFileType = text.plist.xml; path = Info.plist; sourceTree = "<group>"; };
		94BBCCAC1C1FBD9E006D6E18 /* NVActivityIndicatorAnimationBallClipRotate.h */ = {isa = PBXFileReference; fileEncoding = 4; lastKnownFileType = sourcecode.c.h; path = NVActivityIndicatorAnimationBallClipRotate.h; sourceTree = "<group>"; };
		94BBCCAD1C1FBD9E006D6E18 /* NVActivityIndicatorAnimationBallClipRotate.m */ = {isa = PBXFileReference; fileEncoding = 4; lastKnownFileType = sourcecode.c.objc; path = NVActivityIndicatorAnimationBallClipRotate.m; sourceTree = "<group>"; };
		94BBCCAE1C1FBD9E006D6E18 /* NVActivityIndicatorAnimationBallPulse.h */ = {isa = PBXFileReference; fileEncoding = 4; lastKnownFileType = sourcecode.c.h; path = NVActivityIndicatorAnimationBallPulse.h; sourceTree = "<group>"; };
		94BBCCAF1C1FBD9E006D6E18 /* NVActivityIndicatorAnimationBallPulse.m */ = {isa = PBXFileReference; fileEncoding = 4; lastKnownFileType = sourcecode.c.objc; path = NVActivityIndicatorAnimationBallPulse.m; sourceTree = "<group>"; };
		94BBCCB01C1FBD9E006D6E18 /* NVActivityIndicatorAnimationBallScaleRippleMultiple.h */ = {isa = PBXFileReference; fileEncoding = 4; lastKnownFileType = sourcecode.c.h; path = NVActivityIndicatorAnimationBallScaleRippleMultiple.h; sourceTree = "<group>"; };
		94BBCCB11C1FBD9E006D6E18 /* NVActivityIndicatorAnimationBallScaleRippleMultiple.m */ = {isa = PBXFileReference; fileEncoding = 4; lastKnownFileType = sourcecode.c.objc; path = NVActivityIndicatorAnimationBallScaleRippleMultiple.m; sourceTree = "<group>"; };
		94BBCCB21C1FBD9E006D6E18 /* NVActivityIndicatorAnimationBallSpinFadeLoader.h */ = {isa = PBXFileReference; fileEncoding = 4; lastKnownFileType = sourcecode.c.h; path = NVActivityIndicatorAnimationBallSpinFadeLoader.h; sourceTree = "<group>"; };
		94BBCCB31C1FBD9E006D6E18 /* NVActivityIndicatorAnimationBallSpinFadeLoader.m */ = {isa = PBXFileReference; fileEncoding = 4; lastKnownFileType = sourcecode.c.objc; path = NVActivityIndicatorAnimationBallSpinFadeLoader.m; sourceTree = "<group>"; };
		94BBCCB41C1FBD9E006D6E18 /* NVActivityIndicatorAnimationDelegate.h */ = {isa = PBXFileReference; fileEncoding = 4; lastKnownFileType = sourcecode.c.h; path = NVActivityIndicatorAnimationDelegate.h; sourceTree = "<group>"; };
		94BBCCB51C1FBD9E006D6E18 /* NVActivityIndicatorShape.h */ = {isa = PBXFileReference; fileEncoding = 4; lastKnownFileType = sourcecode.c.h; path = NVActivityIndicatorShape.h; sourceTree = "<group>"; };
		94BBCCB61C1FBD9E006D6E18 /* NVActivityIndicatorShape.m */ = {isa = PBXFileReference; fileEncoding = 4; lastKnownFileType = sourcecode.c.objc; path = NVActivityIndicatorShape.m; sourceTree = "<group>"; };
		94BBCCB71C1FBD9E006D6E18 /* NVActivityIndicatorView.h */ = {isa = PBXFileReference; fileEncoding = 4; lastKnownFileType = sourcecode.c.h; path = NVActivityIndicatorView.h; sourceTree = "<group>"; };
		94BBCCB81C1FBD9E006D6E18 /* NVActivityIndicatorView.m */ = {isa = PBXFileReference; fileEncoding = 4; lastKnownFileType = sourcecode.c.objc; path = NVActivityIndicatorView.m; sourceTree = "<group>"; };
		94BBCCBA1C1FBD9E006D6E18 /* RXHyLoglnButton.h */ = {isa = PBXFileReference; fileEncoding = 4; lastKnownFileType = sourcecode.c.h; path = RXHyLoglnButton.h; sourceTree = "<group>"; };
		94BBCCBB1C1FBD9E006D6E18 /* RXHyLoglnButton.m */ = {isa = PBXFileReference; fileEncoding = 4; lastKnownFileType = sourcecode.c.objc; path = RXHyLoglnButton.m; sourceTree = "<group>"; };
		94BBCCBC1C1FBD9E006D6E18 /* RXHyTransitions.h */ = {isa = PBXFileReference; fileEncoding = 4; lastKnownFileType = sourcecode.c.h; path = RXHyTransitions.h; sourceTree = "<group>"; };
		94BBCCBD1C1FBD9E006D6E18 /* RXHyTransitions.m */ = {isa = PBXFileReference; fileEncoding = 4; lastKnownFileType = sourcecode.c.objc; path = RXHyTransitions.m; sourceTree = "<group>"; };
		94BBCCBE1C1FBD9E006D6E18 /* RXSpinerLayer.h */ = {isa = PBXFileReference; fileEncoding = 4; lastKnownFileType = sourcecode.c.h; path = RXSpinerLayer.h; sourceTree = "<group>"; };
		94BBCCBF1C1FBD9E006D6E18 /* RXSpinerLayer.m */ = {isa = PBXFileReference; fileEncoding = 4; lastKnownFileType = sourcecode.c.objc; path = RXSpinerLayer.m; sourceTree = "<group>"; };
		94BBCCC11C1FBD9E006D6E18 /* NSBundle+RXExtension.h */ = {isa = PBXFileReference; fileEncoding = 4; lastKnownFileType = sourcecode.c.h; path = "NSBundle+RXExtension.h"; sourceTree = "<group>"; };
		94BBCCC21C1FBD9E006D6E18 /* NSBundle+RXExtension.m */ = {isa = PBXFileReference; fileEncoding = 4; lastKnownFileType = sourcecode.c.objc; path = "NSBundle+RXExtension.m"; sourceTree = "<group>"; };
		94BBCCC31C1FBD9E006D6E18 /* NSData+SDK_Encrypt.h */ = {isa = PBXFileReference; fileEncoding = 4; lastKnownFileType = sourcecode.c.h; path = "NSData+SDK_Encrypt.h"; sourceTree = "<group>"; };
		94BBCCC41C1FBD9E006D6E18 /* NSData+SDK_Encrypt.m */ = {isa = PBXFileReference; fileEncoding = 4; lastKnownFileType = sourcecode.c.objc; path = "NSData+SDK_Encrypt.m"; sourceTree = "<group>"; };
		94BBCCC51C1FBD9E006D6E18 /* NSDate+RXExtension.h */ = {isa = PBXFileReference; fileEncoding = 4; lastKnownFileType = sourcecode.c.h; path = "NSDate+RXExtension.h"; sourceTree = "<group>"; };
		94BBCCC61C1FBD9E006D6E18 /* NSDate+RXExtension.m */ = {isa = PBXFileReference; fileEncoding = 4; lastKnownFileType = sourcecode.c.objc; path = "NSDate+RXExtension.m"; sourceTree = "<group>"; };
		94BBCCC71C1FBD9E006D6E18 /* NSMutableDictionary+RXExtension.h */ = {isa = PBXFileReference; fileEncoding = 4; lastKnownFileType = sourcecode.c.h; path = "NSMutableDictionary+RXExtension.h"; sourceTree = "<group>"; };
		94BBCCC81C1FBD9E006D6E18 /* NSMutableDictionary+RXExtension.m */ = {isa = PBXFileReference; fileEncoding = 4; lastKnownFileType = sourcecode.c.objc; path = "NSMutableDictionary+RXExtension.m"; sourceTree = "<group>"; };
		94BBCCC91C1FBD9E006D6E18 /* RXCategory.h */ = {isa = PBXFileReference; fileEncoding = 4; lastKnownFileType = sourcecode.c.h; path = RXCategory.h; sourceTree = "<group>"; };
		94BBCCCA1C1FBD9E006D6E18 /* RXSingleton.h */ = {isa = PBXFileReference; fileEncoding = 4; lastKnownFileType = sourcecode.c.h; path = RXSingleton.h; sourceTree = "<group>"; };
		94BBCCCB1C1FBD9E006D6E18 /* UIBarButtonItem+RXExtension.h */ = {isa = PBXFileReference; fileEncoding = 4; lastKnownFileType = sourcecode.c.h; path = "UIBarButtonItem+RXExtension.h"; sourceTree = "<group>"; };
		94BBCCCC1C1FBD9E006D6E18 /* UIBarButtonItem+RXExtension.m */ = {isa = PBXFileReference; fileEncoding = 4; lastKnownFileType = sourcecode.c.objc; path = "UIBarButtonItem+RXExtension.m"; sourceTree = "<group>"; };
		94BBCCCD1C1FBD9E006D6E18 /* UIColor+RXExtension.h */ = {isa = PBXFileReference; fileEncoding = 4; lastKnownFileType = sourcecode.c.h; path = "UIColor+RXExtension.h"; sourceTree = "<group>"; };
		94BBCCCE1C1FBD9E006D6E18 /* UIColor+RXExtension.m */ = {isa = PBXFileReference; fileEncoding = 4; lastKnownFileType = sourcecode.c.objc; path = "UIColor+RXExtension.m"; sourceTree = "<group>"; };
		94BBCCCF1C1FBD9E006D6E18 /* UIImage+RXExtension.h */ = {isa = PBXFileReference; fileEncoding = 4; lastKnownFileType = sourcecode.c.h; path = "UIImage+RXExtension.h"; sourceTree = "<group>"; };
		94BBCCD01C1FBD9E006D6E18 /* UIImage+RXExtension.m */ = {isa = PBXFileReference; fileEncoding = 4; lastKnownFileType = sourcecode.c.objc; path = "UIImage+RXExtension.m"; sourceTree = "<group>"; };
		94BBCCD11C1FBD9E006D6E18 /* UIScrollView+EmptyDataSet.h */ = {isa = PBXFileReference; fileEncoding = 4; lastKnownFileType = sourcecode.c.h; path = "UIScrollView+EmptyDataSet.h"; sourceTree = "<group>"; };
		94BBCCD21C1FBD9E006D6E18 /* UIScrollView+EmptyDataSet.m */ = {isa = PBXFileReference; fileEncoding = 4; lastKnownFileType = sourcecode.c.objc; path = "UIScrollView+EmptyDataSet.m"; sourceTree = "<group>"; };
		94BBCCD31C1FBD9E006D6E18 /* UIView+RXExtension.h */ = {isa = PBXFileReference; fileEncoding = 4; lastKnownFileType = sourcecode.c.h; path = "UIView+RXExtension.h"; sourceTree = "<group>"; };
		94BBCCD41C1FBD9E006D6E18 /* UIView+RXExtension.m */ = {isa = PBXFileReference; fileEncoding = 4; lastKnownFileType = sourcecode.c.objc; path = "UIView+RXExtension.m"; sourceTree = "<group>"; };
		94BBCCD71C1FBD9E006D6E18 /* RXExampleHandler.h */ = {isa = PBXFileReference; fileEncoding = 4; lastKnownFileType = sourcecode.c.h; path = RXExampleHandler.h; sourceTree = "<group>"; };
		94BBCCD81C1FBD9E006D6E18 /* RXExampleHandler.m */ = {isa = PBXFileReference; fileEncoding = 4; lastKnownFileType = sourcecode.c.objc; path = RXExampleHandler.m; sourceTree = "<group>"; };
		94BBCCD91C1FBD9E006D6E18 /* RXUriActionEngine.h */ = {isa = PBXFileReference; fileEncoding = 4; lastKnownFileType = sourcecode.c.h; path = RXUriActionEngine.h; sourceTree = "<group>"; };
		94BBCCDA1C1FBD9E006D6E18 /* RXUriActionEngine.m */ = {isa = PBXFileReference; fileEncoding = 4; lastKnownFileType = sourcecode.c.objc; path = RXUriActionEngine.m; sourceTree = "<group>"; };
		94BBCCDD1C1FBD9E006D6E18 /* RXChildAppVC.h */ = {isa = PBXFileReference; fileEncoding = 4; lastKnownFileType = sourcecode.c.h; path = RXChildAppVC.h; sourceTree = "<group>"; };
		94BBCCDE1C1FBD9E006D6E18 /* RXChildAppVC.m */ = {isa = PBXFileReference; fileEncoding = 4; lastKnownFileType = sourcecode.c.objc; path = RXChildAppVC.m; sourceTree = "<group>"; };
		94BBCCDF1C1FBD9E006D6E18 /* RXJsBridge.h */ = {isa = PBXFileReference; fileEncoding = 4; lastKnownFileType = sourcecode.c.h; path = RXJsBridge.h; sourceTree = "<group>"; };
		94BBCCE01C1FBD9E006D6E18 /* RXJsBridge.m */ = {isa = PBXFileReference; fileEncoding = 4; lastKnownFileType = sourcecode.c.objc; path = RXJsBridge.m; sourceTree = "<group>"; };
		94BBCCE11C1FBD9E006D6E18 /* RXWebViewJsBridge.h */ = {isa = PBXFileReference; fileEncoding = 4; lastKnownFileType = sourcecode.c.h; path = RXWebViewJsBridge.h; sourceTree = "<group>"; };
		94BBCCE21C1FBD9E006D6E18 /* RXWebViewJsBridge.js */ = {isa = PBXFileReference; fileEncoding = 4; lastKnownFileType = sourcecode.javascript; path = RXWebViewJsBridge.js; sourceTree = "<group>"; };
		94BBCCE31C1FBD9E006D6E18 /* RXWebViewJsBridge.m */ = {isa = PBXFileReference; fileEncoding = 4; lastKnownFileType = sourcecode.c.objc; path = RXWebViewJsBridge.m; sourceTree = "<group>"; };
		94BBCCE51C1FBD9E006D6E18 /* RXMarco.h */ = {isa = PBXFileReference; fileEncoding = 4; lastKnownFileType = sourcecode.c.h; path = RXMarco.h; sourceTree = "<group>"; };
		94BBCCE61C1FBD9E006D6E18 /* RXSDK.h */ = {isa = PBXFileReference; fileEncoding = 4; lastKnownFileType = sourcecode.c.h; path = RXSDK.h; sourceTree = "<group>"; };
		94BBCCEA1C1FBD9E006D6E18 /* RXApiServiceEngine.h */ = {isa = PBXFileReference; fileEncoding = 4; lastKnownFileType = sourcecode.c.h; path = RXApiServiceEngine.h; sourceTree = "<group>"; };
		94BBCCEB1C1FBD9E006D6E18 /* RXApiServiceEngine.m */ = {isa = PBXFileReference; fileEncoding = 4; lastKnownFileType = sourcecode.c.objc; path = RXApiServiceEngine.m; sourceTree = "<group>"; };
		94BBCCEC1C1FBD9E006D6E18 /* RXApiServiceRequest.h */ = {isa = PBXFileReference; fileEncoding = 4; lastKnownFileType = sourcecode.c.h; path = RXApiServiceRequest.h; sourceTree = "<group>"; };
		94BBCCED1C1FBD9E006D6E18 /* RXApiServiceRequest.m */ = {isa = PBXFileReference; fileEncoding = 4; lastKnownFileType = sourcecode.c.objc; path = RXApiServiceRequest.m; sourceTree = "<group>"; };
		94BBCCEE1C1FBD9E006D6E18 /* RXApiServiceResponse.h */ = {isa = PBXFileReference; fileEncoding = 4; lastKnownFileType = sourcecode.c.h; path = RXApiServiceResponse.h; sourceTree = "<group>"; };
		94BBCCEF1C1FBD9E006D6E18 /* RXApiServiceResponse.m */ = {isa = PBXFileReference; fileEncoding = 4; lastKnownFileType = sourcecode.c.objc; path = RXApiServiceResponse.m; sourceTree = "<group>"; };
		94BBCCF01C1FBD9E006D6E18 /* RXBaseCompoent.h */ = {isa = PBXFileReference; fileEncoding = 4; lastKnownFileType = sourcecode.c.h; path = RXBaseCompoent.h; sourceTree = "<group>"; };
		94BBCCF11C1FBD9E006D6E18 /* RXBaseCompoent.m */ = {isa = PBXFileReference; fileEncoding = 4; lastKnownFileType = sourcecode.c.objc; path = RXBaseCompoent.m; sourceTree = "<group>"; };
		94BBCCF21C1FBD9E006D6E18 /* RXNetworkHeader.h */ = {isa = PBXFileReference; fileEncoding = 4; lastKnownFileType = sourcecode.c.h; path = RXNetworkHeader.h; sourceTree = "<group>"; };
		94BBCCF31C1FBD9E006D6E18 /* RXRuntime.h */ = {isa = PBXFileReference; fileEncoding = 4; lastKnownFileType = sourcecode.c.h; path = RXRuntime.h; sourceTree = "<group>"; };
		94BBCCF41C1FBD9E006D6E18 /* RXRuntime.m */ = {isa = PBXFileReference; fileEncoding = 4; lastKnownFileType = sourcecode.c.objc; path = RXRuntime.m; sourceTree = "<group>"; };
		94BBCCF51C1FBD9E006D6E18 /* RXStatusDefine.h */ = {isa = PBXFileReference; fileEncoding = 4; lastKnownFileType = sourcecode.c.h; path = RXStatusDefine.h; sourceTree = "<group>"; };
		94BBCCF81C1FBD9E006D6E18 /* UINavigationController+FDFullscreenPopGesture.h */ = {isa = PBXFileReference; fileEncoding = 4; lastKnownFileType = sourcecode.c.h; path = "UINavigationController+FDFullscreenPopGesture.h"; sourceTree = "<group>"; };
		94BBCCF91C1FBD9E006D6E18 /* UINavigationController+FDFullscreenPopGesture.m */ = {isa = PBXFileReference; fileEncoding = 4; lastKnownFileType = sourcecode.c.objc; path = "UINavigationController+FDFullscreenPopGesture.m"; sourceTree = "<group>"; };
		94BBCCFB1C1FBD9E006D6E18 /* MBProgressHUD+Extension.h */ = {isa = PBXFileReference; fileEncoding = 4; lastKnownFileType = sourcecode.c.h; path = "MBProgressHUD+Extension.h"; sourceTree = "<group>"; };
		94BBCCFC1C1FBD9E006D6E18 /* MBProgressHUD+Extension.m */ = {isa = PBXFileReference; fileEncoding = 4; lastKnownFileType = sourcecode.c.objc; path = "MBProgressHUD+Extension.m"; sourceTree = "<group>"; };
		94BBCCFD1C1FBD9E006D6E18 /* MBProgressHUD.bundle */ = {isa = PBXFileReference; lastKnownFileType = "wrapper.plug-in"; path = MBProgressHUD.bundle; sourceTree = "<group>"; };
		94BBCCFE1C1FBD9E006D6E18 /* MBProgressHUD.h */ = {isa = PBXFileReference; fileEncoding = 4; lastKnownFileType = sourcecode.c.h; path = MBProgressHUD.h; sourceTree = "<group>"; };
		94BBCCFF1C1FBD9E006D6E18 /* MBProgressHUD.m */ = {isa = PBXFileReference; fileEncoding = 4; lastKnownFileType = sourcecode.c.objc; path = MBProgressHUD.m; sourceTree = "<group>"; };
		94BBCD011C1FBD9E006D6E18 /* OpenUDID.h */ = {isa = PBXFileReference; fileEncoding = 4; lastKnownFileType = sourcecode.c.h; path = OpenUDID.h; sourceTree = "<group>"; };
		94BBCD021C1FBD9E006D6E18 /* OpenUDID.m */ = {isa = PBXFileReference; fileEncoding = 4; lastKnownFileType = sourcecode.c.objc; path = OpenUDID.m; sourceTree = "<group>"; };
		94BBCD051C1FBD9E006D6E18 /* RXCoreLaunchLite.h */ = {isa = PBXFileReference; fileEncoding = 4; lastKnownFileType = sourcecode.c.h; path = RXCoreLaunchLite.h; sourceTree = "<group>"; };
		94BBCD061C1FBD9E006D6E18 /* RXCoreLaunchLite.m */ = {isa = PBXFileReference; fileEncoding = 4; lastKnownFileType = sourcecode.c.objc; path = RXCoreLaunchLite.m; sourceTree = "<group>"; };
		94BBCD081C1FBD9E006D6E18 /* NirKxMenu.h */ = {isa = PBXFileReference; fileEncoding = 4; lastKnownFileType = sourcecode.c.h; path = NirKxMenu.h; sourceTree = "<group>"; };
		94BBCD091C1FBD9E006D6E18 /* NirKxMenu.m */ = {isa = PBXFileReference; fileEncoding = 4; lastKnownFileType = sourcecode.c.objc; path = NirKxMenu.m; sourceTree = "<group>"; };
		94BBCD0A1C1FBD9E006D6E18 /* RXKxMenu.h */ = {isa = PBXFileReference; fileEncoding = 4; lastKnownFileType = sourcecode.c.h; path = RXKxMenu.h; sourceTree = "<group>"; };
		94BBCD0B1C1FBD9E006D6E18 /* RXKxMenu.m */ = {isa = PBXFileReference; fileEncoding = 4; lastKnownFileType = sourcecode.c.objc; path = RXKxMenu.m; sourceTree = "<group>"; };
		94BBCD321C1FC172006D6E18 /* Security.framework */ = {isa = PBXFileReference; lastKnownFileType = wrapper.framework; name = Security.framework; path = System/Library/Frameworks/Security.framework; sourceTree = SDKROOT; };
		94BBCD391C1FC35D006D6E18 /* KeychainItemWrapper.h */ = {isa = PBXFileReference; fileEncoding = 4; lastKnownFileType = sourcecode.c.h; path = KeychainItemWrapper.h; sourceTree = "<group>"; };
		94BBCD3A1C1FC35D006D6E18 /* KeychainItemWrapper.m */ = {isa = PBXFileReference; fileEncoding = 4; lastKnownFileType = sourcecode.c.objc; path = KeychainItemWrapper.m; sourceTree = "<group>"; };
		94BBCD451C1FF124006D6E18 /* RXApiEngine.h */ = {isa = PBXFileReference; fileEncoding = 4; lastKnownFileType = sourcecode.c.h; path = RXApiEngine.h; sourceTree = "<group>"; };
		94BBCD461C1FF124006D6E18 /* RXApiEngine.m */ = {isa = PBXFileReference; fileEncoding = 4; lastKnownFileType = sourcecode.c.objc; path = RXApiEngine.m; sourceTree = "<group>"; };
		94BBCD481C20241B006D6E18 /* EPOAuthManager.h */ = {isa = PBXFileReference; fileEncoding = 4; lastKnownFileType = sourcecode.c.h; path = EPOAuthManager.h; sourceTree = "<group>"; };
		94BBCD491C20241B006D6E18 /* EPOAuthManager.m */ = {isa = PBXFileReference; fileEncoding = 4; lastKnownFileType = sourcecode.c.objc; path = EPOAuthManager.m; sourceTree = "<group>"; };
		94FC2FFD1BFC4078002E97D6 /* AppDelegate.h */ = {isa = PBXFileReference; fileEncoding = 4; lastKnownFileType = sourcecode.c.h; path = AppDelegate.h; sourceTree = "<group>"; };
		94FC2FFE1BFC4078002E97D6 /* AppDelegate.m */ = {isa = PBXFileReference; fileEncoding = 4; lastKnownFileType = sourcecode.c.objc; path = AppDelegate.m; sourceTree = "<group>"; };
		94FC2FFF1BFC4078002E97D6 /* ViewController.h */ = {isa = PBXFileReference; fileEncoding = 4; lastKnownFileType = sourcecode.c.h; path = ViewController.h; sourceTree = "<group>"; };
		94FC30001BFC4078002E97D6 /* ViewController.m */ = {isa = PBXFileReference; fileEncoding = 4; lastKnownFileType = sourcecode.c.objc; path = ViewController.m; sourceTree = "<group>"; };
/* End PBXFileReference section */

/* Begin PBXFrameworksBuildPhase section */
		9489809B1BC3E331007CFEAF /* Frameworks */ = {
			isa = PBXFrameworksBuildPhase;
			buildActionMask = 2147483647;
			files = (
				94BBCD331C1FC172006D6E18 /* Security.framework in Frameworks */,
				C610071147EBC5E2895B5D7C /* libPods.a in Frameworks */,
			);
			runOnlyForDeploymentPostprocessing = 0;
		};
		948980B41BC3E331007CFEAF /* Frameworks */ = {
			isa = PBXFrameworksBuildPhase;
			buildActionMask = 2147483647;
			files = (
			);
			runOnlyForDeploymentPostprocessing = 0;
		};
		948980BF1BC3E331007CFEAF /* Frameworks */ = {
			isa = PBXFrameworksBuildPhase;
			buildActionMask = 2147483647;
			files = (
			);
			runOnlyForDeploymentPostprocessing = 0;
		};
/* End PBXFrameworksBuildPhase section */

/* Begin PBXGroup section */
		593EC651B6E9A890778A93C8 /* Frameworks */ = {
			isa = PBXGroup;
			children = (
				94BBCD321C1FC172006D6E18 /* Security.framework */,
				2805CC052CC9AF00A1D347C8 /* libPods.a */,
			);
			name = Frameworks;
			sourceTree = "<group>";
		};
		5A8858BAFF409F32F33978AD /* Pods */ = {
			isa = PBXGroup;
			children = (
				774211E6B84952C2C72671F3 /* Pods.debug.xcconfig */,
				009880665ADF2B7ACBF04296 /* Pods.release.xcconfig */,
			);
			name = Pods;
			sourceTree = "<group>";
		};
		948980951BC3E330007CFEAF = {
			isa = PBXGroup;
			children = (
				948980A01BC3E331007CFEAF /* RMRefresh */,
				948980BA1BC3E331007CFEAF /* RMRefreshTests */,
				948980C51BC3E331007CFEAF /* RMRefreshUITests */,
				9489809F1BC3E331007CFEAF /* Products */,
				5A8858BAFF409F32F33978AD /* Pods */,
				593EC651B6E9A890778A93C8 /* Frameworks */,
			);
			sourceTree = "<group>";
		};
		9489809F1BC3E331007CFEAF /* Products */ = {
			isa = PBXGroup;
			children = (
				9489809E1BC3E331007CFEAF /* RMRefresh.app */,
				948980B71BC3E331007CFEAF /* RMRefreshTests.xctest */,
				948980C21BC3E331007CFEAF /* RMRefreshUITests.xctest */,
			);
			name = Products;
			sourceTree = "<group>";
		};
		948980A01BC3E331007CFEAF /* RMRefresh */ = {
			isa = PBXGroup;
			children = (
				948980D51BC3E41C007CFEAF /* Classes */,
				948980A11BC3E331007CFEAF /* Supporting Files */,
			);
			path = RMRefresh;
			sourceTree = "<group>";
		};
		948980A11BC3E331007CFEAF /* Supporting Files */ = {
			isa = PBXGroup;
			children = (
				948980AA1BC3E331007CFEAF /* Main.storyboard */,
				948980AD1BC3E331007CFEAF /* Assets.xcassets */,
				948980AF1BC3E331007CFEAF /* LaunchScreen.storyboard */,
				948980B21BC3E331007CFEAF /* Info.plist */,
				948980A21BC3E331007CFEAF /* main.m */,
			);
			name = "Supporting Files";
			sourceTree = "<group>";
		};
		948980BA1BC3E331007CFEAF /* RMRefreshTests */ = {
			isa = PBXGroup;
			children = (
				948980BB1BC3E331007CFEAF /* RMRefreshTests.m */,
				948980BD1BC3E331007CFEAF /* Info.plist */,
			);
			path = RMRefreshTests;
			sourceTree = "<group>";
		};
		948980C51BC3E331007CFEAF /* RMRefreshUITests */ = {
			isa = PBXGroup;
			children = (
				948980C61BC3E331007CFEAF /* RMRefreshUITests.m */,
				948980C81BC3E331007CFEAF /* Info.plist */,
			);
			path = RMRefreshUITests;
			sourceTree = "<group>";
		};
		948980D51BC3E41C007CFEAF /* Classes */ = {
			isa = PBXGroup;
			children = (
				94BBCCA91C1FBD9E006D6E18 /* RXSDK */,
				94FC2FFD1BFC4078002E97D6 /* AppDelegate.h */,
				94FC2FFE1BFC4078002E97D6 /* AppDelegate.m */,
				94FC2FFF1BFC4078002E97D6 /* ViewController.h */,
				94FC30001BFC4078002E97D6 /* ViewController.m */,
				94BBCD451C1FF124006D6E18 /* RXApiEngine.h */,
				94BBCD461C1FF124006D6E18 /* RXApiEngine.m */,
				94BBCD481C20241B006D6E18 /* EPOAuthManager.h */,
				94BBCD491C20241B006D6E18 /* EPOAuthManager.m */,
			);
			path = Classes;
			sourceTree = "<group>";
		};
		94BBCCA91C1FBD9E006D6E18 /* RXSDK */ = {
			isa = PBXGroup;
			children = (
				94BBCCAA1C1FBD9E006D6E18 /* animation */,
				94BBCCC01C1FBD9E006D6E18 /* category */,
				94BBCCD51C1FBD9E006D6E18 /* component */,
				94BBCCE41C1FBD9E006D6E18 /* const */,
				94BBCCE71C1FBD9E006D6E18 /* network */,
				94BBCCF61C1FBD9E006D6E18 /* utility */,
				94BBCD031C1FBD9E006D6E18 /* widget */,
			);
			path = RXSDK;
			sourceTree = "<group>";
		};
		94BBCCAA1C1FBD9E006D6E18 /* animation */ = {
			isa = PBXGroup;
			children = (
				94BBCCAB1C1FBD9E006D6E18 /* ActivityIndicatorView */,
				94BBCCB91C1FBD9E006D6E18 /* HySubmit */,
			);
			path = animation;
			sourceTree = "<group>";
		};
		94BBCCAB1C1FBD9E006D6E18 /* ActivityIndicatorView */ = {
			isa = PBXGroup;
			children = (
				94BBCCAC1C1FBD9E006D6E18 /* NVActivityIndicatorAnimationBallClipRotate.h */,
				94BBCCAD1C1FBD9E006D6E18 /* NVActivityIndicatorAnimationBallClipRotate.m */,
				94BBCCAE1C1FBD9E006D6E18 /* NVActivityIndicatorAnimationBallPulse.h */,
				94BBCCAF1C1FBD9E006D6E18 /* NVActivityIndicatorAnimationBallPulse.m */,
				94BBCCB01C1FBD9E006D6E18 /* NVActivityIndicatorAnimationBallScaleRippleMultiple.h */,
				94BBCCB11C1FBD9E006D6E18 /* NVActivityIndicatorAnimationBallScaleRippleMultiple.m */,
				94BBCCB21C1FBD9E006D6E18 /* NVActivityIndicatorAnimationBallSpinFadeLoader.h */,
				94BBCCB31C1FBD9E006D6E18 /* NVActivityIndicatorAnimationBallSpinFadeLoader.m */,
				94BBCCB41C1FBD9E006D6E18 /* NVActivityIndicatorAnimationDelegate.h */,
				94BBCCB51C1FBD9E006D6E18 /* NVActivityIndicatorShape.h */,
				94BBCCB61C1FBD9E006D6E18 /* NVActivityIndicatorShape.m */,
				94BBCCB71C1FBD9E006D6E18 /* NVActivityIndicatorView.h */,
				94BBCCB81C1FBD9E006D6E18 /* NVActivityIndicatorView.m */,
			);
			path = ActivityIndicatorView;
			sourceTree = "<group>";
		};
		94BBCCB91C1FBD9E006D6E18 /* HySubmit */ = {
			isa = PBXGroup;
			children = (
				94BBCCBA1C1FBD9E006D6E18 /* RXHyLoglnButton.h */,
				94BBCCBB1C1FBD9E006D6E18 /* RXHyLoglnButton.m */,
				94BBCCBC1C1FBD9E006D6E18 /* RXHyTransitions.h */,
				94BBCCBD1C1FBD9E006D6E18 /* RXHyTransitions.m */,
				94BBCCBE1C1FBD9E006D6E18 /* RXSpinerLayer.h */,
				94BBCCBF1C1FBD9E006D6E18 /* RXSpinerLayer.m */,
			);
			path = HySubmit;
			sourceTree = "<group>";
		};
		94BBCCC01C1FBD9E006D6E18 /* category */ = {
			isa = PBXGroup;
			children = (
				94BBCCC11C1FBD9E006D6E18 /* NSBundle+RXExtension.h */,
				94BBCCC21C1FBD9E006D6E18 /* NSBundle+RXExtension.m */,
				94BBCCC31C1FBD9E006D6E18 /* NSData+SDK_Encrypt.h */,
				94BBCCC41C1FBD9E006D6E18 /* NSData+SDK_Encrypt.m */,
				94BBCCC51C1FBD9E006D6E18 /* NSDate+RXExtension.h */,
				94BBCCC61C1FBD9E006D6E18 /* NSDate+RXExtension.m */,
				94BBCCC71C1FBD9E006D6E18 /* NSMutableDictionary+RXExtension.h */,
				94BBCCC81C1FBD9E006D6E18 /* NSMutableDictionary+RXExtension.m */,
				94BBCCC91C1FBD9E006D6E18 /* RXCategory.h */,
				94BBCCCA1C1FBD9E006D6E18 /* RXSingleton.h */,
				94BBCCCB1C1FBD9E006D6E18 /* UIBarButtonItem+RXExtension.h */,
				94BBCCCC1C1FBD9E006D6E18 /* UIBarButtonItem+RXExtension.m */,
				94BBCCCD1C1FBD9E006D6E18 /* UIColor+RXExtension.h */,
				94BBCCCE1C1FBD9E006D6E18 /* UIColor+RXExtension.m */,
				94BBCCCF1C1FBD9E006D6E18 /* UIImage+RXExtension.h */,
				94BBCCD01C1FBD9E006D6E18 /* UIImage+RXExtension.m */,
				94BBCCD11C1FBD9E006D6E18 /* UIScrollView+EmptyDataSet.h */,
				94BBCCD21C1FBD9E006D6E18 /* UIScrollView+EmptyDataSet.m */,
				94BBCCD31C1FBD9E006D6E18 /* UIView+RXExtension.h */,
				94BBCCD41C1FBD9E006D6E18 /* UIView+RXExtension.m */,
			);
			path = category;
			sourceTree = "<group>";
		};
		94BBCCD51C1FBD9E006D6E18 /* component */ = {
			isa = PBXGroup;
			children = (
				94BBCCD61C1FBD9E006D6E18 /* uri_engine */,
				94BBCCDB1C1FBD9E006D6E18 /* WebViewJsBridge */,
			);
			path = component;
			sourceTree = "<group>";
		};
		94BBCCD61C1FBD9E006D6E18 /* uri_engine */ = {
			isa = PBXGroup;
			children = (
				94BBCCD71C1FBD9E006D6E18 /* RXExampleHandler.h */,
				94BBCCD81C1FBD9E006D6E18 /* RXExampleHandler.m */,
				94BBCCD91C1FBD9E006D6E18 /* RXUriActionEngine.h */,
				94BBCCDA1C1FBD9E006D6E18 /* RXUriActionEngine.m */,
			);
			path = uri_engine;
			sourceTree = "<group>";
		};
		94BBCCDB1C1FBD9E006D6E18 /* WebViewJsBridge */ = {
			isa = PBXGroup;
			children = (
				94BBCCDC1C1FBD9E006D6E18 /* example */,
				94BBCCE11C1FBD9E006D6E18 /* RXWebViewJsBridge.h */,
				94BBCCE21C1FBD9E006D6E18 /* RXWebViewJsBridge.js */,
				94BBCCE31C1FBD9E006D6E18 /* RXWebViewJsBridge.m */,
			);
			path = WebViewJsBridge;
			sourceTree = "<group>";
		};
		94BBCCDC1C1FBD9E006D6E18 /* example */ = {
			isa = PBXGroup;
			children = (
				94BBCCDD1C1FBD9E006D6E18 /* RXChildAppVC.h */,
				94BBCCDE1C1FBD9E006D6E18 /* RXChildAppVC.m */,
				94BBCCDF1C1FBD9E006D6E18 /* RXJsBridge.h */,
				94BBCCE01C1FBD9E006D6E18 /* RXJsBridge.m */,
			);
			path = example;
			sourceTree = "<group>";
		};
		94BBCCE41C1FBD9E006D6E18 /* const */ = {
			isa = PBXGroup;
			children = (
				94BBCCE51C1FBD9E006D6E18 /* RXMarco.h */,
				94BBCCE61C1FBD9E006D6E18 /* RXSDK.h */,
			);
			path = const;
			sourceTree = "<group>";
		};
		94BBCCE71C1FBD9E006D6E18 /* network */ = {
			isa = PBXGroup;
			children = (
				94BBCCEA1C1FBD9E006D6E18 /* RXApiServiceEngine.h */,
				94BBCCEB1C1FBD9E006D6E18 /* RXApiServiceEngine.m */,
				94BBCCEC1C1FBD9E006D6E18 /* RXApiServiceRequest.h */,
				94BBCCED1C1FBD9E006D6E18 /* RXApiServiceRequest.m */,
				94BBCCEE1C1FBD9E006D6E18 /* RXApiServiceResponse.h */,
				94BBCCEF1C1FBD9E006D6E18 /* RXApiServiceResponse.m */,
				94BBCCF01C1FBD9E006D6E18 /* RXBaseCompoent.h */,
				94BBCCF11C1FBD9E006D6E18 /* RXBaseCompoent.m */,
				94BBCCF31C1FBD9E006D6E18 /* RXRuntime.h */,
				94BBCCF41C1FBD9E006D6E18 /* RXRuntime.m */,
				94BBCCF51C1FBD9E006D6E18 /* RXStatusDefine.h */,
				94BBCCF21C1FBD9E006D6E18 /* RXNetworkHeader.h */,
			);
			path = network;
			sourceTree = "<group>";
		};
		94BBCCF61C1FBD9E006D6E18 /* utility */ = {
			isa = PBXGroup;
			children = (
				94BBCD381C1FC35D006D6E18 /* security */,
				94BBCCF71C1FBD9E006D6E18 /* FDFullscreenPopGesture */,
				94BBCCFA1C1FBD9E006D6E18 /* MBProgessHUD */,
				94BBCD001C1FBD9E006D6E18 /* OpenUDID */,
			);
			path = utility;
			sourceTree = "<group>";
		};
		94BBCCF71C1FBD9E006D6E18 /* FDFullscreenPopGesture */ = {
			isa = PBXGroup;
			children = (
				94BBCCF81C1FBD9E006D6E18 /* UINavigationController+FDFullscreenPopGesture.h */,
				94BBCCF91C1FBD9E006D6E18 /* UINavigationController+FDFullscreenPopGesture.m */,
			);
			path = FDFullscreenPopGesture;
			sourceTree = "<group>";
		};
		94BBCCFA1C1FBD9E006D6E18 /* MBProgessHUD */ = {
			isa = PBXGroup;
			children = (
				94BBCCFB1C1FBD9E006D6E18 /* MBProgressHUD+Extension.h */,
				94BBCCFC1C1FBD9E006D6E18 /* MBProgressHUD+Extension.m */,
				94BBCCFD1C1FBD9E006D6E18 /* MBProgressHUD.bundle */,
				94BBCCFE1C1FBD9E006D6E18 /* MBProgressHUD.h */,
				94BBCCFF1C1FBD9E006D6E18 /* MBProgressHUD.m */,
			);
			path = MBProgessHUD;
			sourceTree = "<group>";
		};
		94BBCD001C1FBD9E006D6E18 /* OpenUDID */ = {
			isa = PBXGroup;
			children = (
				94BBCD011C1FBD9E006D6E18 /* OpenUDID.h */,
				94BBCD021C1FBD9E006D6E18 /* OpenUDID.m */,
			);
			path = OpenUDID;
			sourceTree = "<group>";
		};
		94BBCD031C1FBD9E006D6E18 /* widget */ = {
			isa = PBXGroup;
			children = (
				94BBCD041C1FBD9E006D6E18 /* RXCoreLaunchLite */,
				94BBCD071C1FBD9E006D6E18 /* RXKxMenu */,
			);
			path = widget;
			sourceTree = "<group>";
		};
		94BBCD041C1FBD9E006D6E18 /* RXCoreLaunchLite */ = {
			isa = PBXGroup;
			children = (
				94BBCD051C1FBD9E006D6E18 /* RXCoreLaunchLite.h */,
				94BBCD061C1FBD9E006D6E18 /* RXCoreLaunchLite.m */,
			);
			path = RXCoreLaunchLite;
			sourceTree = "<group>";
		};
		94BBCD071C1FBD9E006D6E18 /* RXKxMenu */ = {
			isa = PBXGroup;
			children = (
				94BBCD081C1FBD9E006D6E18 /* NirKxMenu.h */,
				94BBCD091C1FBD9E006D6E18 /* NirKxMenu.m */,
				94BBCD0A1C1FBD9E006D6E18 /* RXKxMenu.h */,
				94BBCD0B1C1FBD9E006D6E18 /* RXKxMenu.m */,
			);
			path = RXKxMenu;
			sourceTree = "<group>";
		};
		94BBCD381C1FC35D006D6E18 /* security */ = {
			isa = PBXGroup;
			children = (
				94BBCD391C1FC35D006D6E18 /* KeychainItemWrapper.h */,
				94BBCD3A1C1FC35D006D6E18 /* KeychainItemWrapper.m */,
			);
			path = security;
			sourceTree = "<group>";
		};
/* End PBXGroup section */

/* Begin PBXNativeTarget section */
		9489809D1BC3E331007CFEAF /* RMRefresh */ = {
			isa = PBXNativeTarget;
			buildConfigurationList = 948980CB1BC3E331007CFEAF /* Build configuration list for PBXNativeTarget "RMRefresh" */;
			buildPhases = (
				0B0FFEC38484E0EAC7ACBCED /* Check Pods Manifest.lock */,
				9489809A1BC3E331007CFEAF /* Sources */,
				9489809B1BC3E331007CFEAF /* Frameworks */,
				9489809C1BC3E331007CFEAF /* Resources */,
				D78A200E355CEA70C0E0A677 /* Copy Pods Resources */,
				C57828DB85725624F710A0C2 /* Embed Pods Frameworks */,
			);
			buildRules = (
			);
			dependencies = (
			);
			name = RMRefresh;
			productName = RMRefresh;
			productReference = 9489809E1BC3E331007CFEAF /* RMRefresh.app */;
			productType = "com.apple.product-type.application";
		};
		948980B61BC3E331007CFEAF /* RMRefreshTests */ = {
			isa = PBXNativeTarget;
			buildConfigurationList = 948980CE1BC3E331007CFEAF /* Build configuration list for PBXNativeTarget "RMRefreshTests" */;
			buildPhases = (
				948980B31BC3E331007CFEAF /* Sources */,
				948980B41BC3E331007CFEAF /* Frameworks */,
				948980B51BC3E331007CFEAF /* Resources */,
			);
			buildRules = (
			);
			dependencies = (
				948980B91BC3E331007CFEAF /* PBXTargetDependency */,
			);
			name = RMRefreshTests;
			productName = RMRefreshTests;
			productReference = 948980B71BC3E331007CFEAF /* RMRefreshTests.xctest */;
			productType = "com.apple.product-type.bundle.unit-test";
		};
		948980C11BC3E331007CFEAF /* RMRefreshUITests */ = {
			isa = PBXNativeTarget;
			buildConfigurationList = 948980D11BC3E331007CFEAF /* Build configuration list for PBXNativeTarget "RMRefreshUITests" */;
			buildPhases = (
				948980BE1BC3E331007CFEAF /* Sources */,
				948980BF1BC3E331007CFEAF /* Frameworks */,
				948980C01BC3E331007CFEAF /* Resources */,
			);
			buildRules = (
			);
			dependencies = (
				948980C41BC3E331007CFEAF /* PBXTargetDependency */,
			);
			name = RMRefreshUITests;
			productName = RMRefreshUITests;
			productReference = 948980C21BC3E331007CFEAF /* RMRefreshUITests.xctest */;
			productType = "com.apple.product-type.bundle.ui-testing";
		};
/* End PBXNativeTarget section */

/* Begin PBXProject section */
		948980961BC3E331007CFEAF /* Project object */ = {
			isa = PBXProject;
			attributes = {
				LastUpgradeCheck = 0700;
				ORGANIZATIONNAME = RyanShen;
				TargetAttributes = {
					9489809D1BC3E331007CFEAF = {
						CreatedOnToolsVersion = 7.0;
					};
					948980B61BC3E331007CFEAF = {
						CreatedOnToolsVersion = 7.0;
						TestTargetID = 9489809D1BC3E331007CFEAF;
					};
					948980C11BC3E331007CFEAF = {
						CreatedOnToolsVersion = 7.0;
						TestTargetID = 9489809D1BC3E331007CFEAF;
					};
				};
			};
			buildConfigurationList = 948980991BC3E331007CFEAF /* Build configuration list for PBXProject "RMRefresh" */;
			compatibilityVersion = "Xcode 3.2";
			developmentRegion = English;
			hasScannedForEncodings = 0;
			knownRegions = (
				en,
				Base,
			);
			mainGroup = 948980951BC3E330007CFEAF;
			productRefGroup = 9489809F1BC3E331007CFEAF /* Products */;
			projectDirPath = "";
			projectRoot = "";
			targets = (
				9489809D1BC3E331007CFEAF /* RMRefresh */,
				948980B61BC3E331007CFEAF /* RMRefreshTests */,
				948980C11BC3E331007CFEAF /* RMRefreshUITests */,
			);
		};
/* End PBXProject section */

/* Begin PBXResourcesBuildPhase section */
		9489809C1BC3E331007CFEAF /* Resources */ = {
			isa = PBXResourcesBuildPhase;
			buildActionMask = 2147483647;
			files = (
				94BBCD221C1FBD9E006D6E18 /* RXWebViewJsBridge.js in Resources */,
				948980B11BC3E331007CFEAF /* LaunchScreen.storyboard in Resources */,
				94BBCD2C1C1FBD9E006D6E18 /* MBProgressHUD.bundle in Resources */,
				948980AE1BC3E331007CFEAF /* Assets.xcassets in Resources */,
				948980AC1BC3E331007CFEAF /* Main.storyboard in Resources */,
			);
			runOnlyForDeploymentPostprocessing = 0;
		};
		948980B51BC3E331007CFEAF /* Resources */ = {
			isa = PBXResourcesBuildPhase;
			buildActionMask = 2147483647;
			files = (
			);
			runOnlyForDeploymentPostprocessing = 0;
		};
		948980C01BC3E331007CFEAF /* Resources */ = {
			isa = PBXResourcesBuildPhase;
			buildActionMask = 2147483647;
			files = (
			);
			runOnlyForDeploymentPostprocessing = 0;
		};
/* End PBXResourcesBuildPhase section */

/* Begin PBXShellScriptBuildPhase section */
		0B0FFEC38484E0EAC7ACBCED /* Check Pods Manifest.lock */ = {
			isa = PBXShellScriptBuildPhase;
			buildActionMask = 2147483647;
			files = (
			);
			inputPaths = (
			);
			name = "Check Pods Manifest.lock";
			outputPaths = (
			);
			runOnlyForDeploymentPostprocessing = 0;
			shellPath = /bin/sh;
			shellScript = "diff \"${PODS_ROOT}/../Podfile.lock\" \"${PODS_ROOT}/Manifest.lock\" > /dev/null\nif [[ $? != 0 ]] ; then\n    cat << EOM\nerror: The sandbox is not in sync with the Podfile.lock. Run 'pod install' or update your CocoaPods installation.\nEOM\n    exit 1\nfi\n";
			showEnvVarsInLog = 0;
		};
		C57828DB85725624F710A0C2 /* Embed Pods Frameworks */ = {
			isa = PBXShellScriptBuildPhase;
			buildActionMask = 2147483647;
			files = (
			);
			inputPaths = (
			);
			name = "Embed Pods Frameworks";
			outputPaths = (
			);
			runOnlyForDeploymentPostprocessing = 0;
			shellPath = /bin/sh;
			shellScript = "\"${SRCROOT}/Pods/Target Support Files/Pods/Pods-frameworks.sh\"\n";
			showEnvVarsInLog = 0;
		};
		D78A200E355CEA70C0E0A677 /* Copy Pods Resources */ = {
			isa = PBXShellScriptBuildPhase;
			buildActionMask = 2147483647;
			files = (
			);
			inputPaths = (
			);
			name = "Copy Pods Resources";
			outputPaths = (
			);
			runOnlyForDeploymentPostprocessing = 0;
			shellPath = /bin/sh;
			shellScript = "\"${SRCROOT}/Pods/Target Support Files/Pods/Pods-resources.sh\"\n";
			showEnvVarsInLog = 0;
		};
/* End PBXShellScriptBuildPhase section */

/* Begin PBXSourcesBuildPhase section */
		9489809A1BC3E331007CFEAF /* Sources */ = {
			isa = PBXSourcesBuildPhase;
			buildActionMask = 2147483647;
			files = (
				94BBCD0F1C1FBD9E006D6E18 /* NVActivityIndicatorAnimationBallSpinFadeLoader.m in Sources */,
				94BBCD1D1C1FBD9E006D6E18 /* UIView+RXExtension.m in Sources */,
				94BBCD191C1FBD9E006D6E18 /* UIBarButtonItem+RXExtension.m in Sources */,
				94BBCD2A1C1FBD9E006D6E18 /* UINavigationController+FDFullscreenPopGesture.m in Sources */,
				94BBCD1E1C1FBD9E006D6E18 /* RXExampleHandler.m in Sources */,
				94BBCD161C1FBD9E006D6E18 /* NSData+SDK_Encrypt.m in Sources */,
				94FC30011BFC4078002E97D6 /* AppDelegate.m in Sources */,
				94BBCD151C1FBD9E006D6E18 /* NSBundle+RXExtension.m in Sources */,
				94BBCD261C1FBD9E006D6E18 /* RXApiServiceRequest.m in Sources */,
				94BBCD141C1FBD9E006D6E18 /* RXSpinerLayer.m in Sources */,
				94BBCD111C1FBD9E006D6E18 /* NVActivityIndicatorView.m in Sources */,
				94BBCD271C1FBD9E006D6E18 /* RXApiServiceResponse.m in Sources */,
				94BBCD0D1C1FBD9E006D6E18 /* NVActivityIndicatorAnimationBallPulse.m in Sources */,
				94BBCD1B1C1FBD9E006D6E18 /* UIImage+RXExtension.m in Sources */,
				94BBCD231C1FBD9E006D6E18 /* RXWebViewJsBridge.m in Sources */,
				94BBCD311C1FBD9E006D6E18 /* RXKxMenu.m in Sources */,
				94BBCD281C1FBD9E006D6E18 /* RXBaseCompoent.m in Sources */,
				94FC30021BFC4078002E97D6 /* ViewController.m in Sources */,
				94BBCD471C1FF124006D6E18 /* RXApiEngine.m in Sources */,
				94BBCD1F1C1FBD9E006D6E18 /* RXUriActionEngine.m in Sources */,
				94BBCD101C1FBD9E006D6E18 /* NVActivityIndicatorShape.m in Sources */,
				948980A31BC3E331007CFEAF /* main.m in Sources */,
				94BBCD2E1C1FBD9E006D6E18 /* OpenUDID.m in Sources */,
				94BBCD291C1FBD9E006D6E18 /* RXRuntime.m in Sources */,
				94BBCD0C1C1FBD9E006D6E18 /* NVActivityIndicatorAnimationBallClipRotate.m in Sources */,
				94BBCD171C1FBD9E006D6E18 /* NSDate+RXExtension.m in Sources */,
				94BBCD301C1FBD9E006D6E18 /* NirKxMenu.m in Sources */,
				94BBCD201C1FBD9E006D6E18 /* RXChildAppVC.m in Sources */,
				94BBCD3B1C1FC35D006D6E18 /* KeychainItemWrapper.m in Sources */,
				94BBCD1C1C1FBD9E006D6E18 /* UIScrollView+EmptyDataSet.m in Sources */,
				94BBCD2F1C1FBD9E006D6E18 /* RXCoreLaunchLite.m in Sources */,
				94BBCD0E1C1FBD9E006D6E18 /* NVActivityIndicatorAnimationBallScaleRippleMultiple.m in Sources */,
				94BBCD2D1C1FBD9E006D6E18 /* MBProgressHUD.m in Sources */,
				94BBCD4A1C20241B006D6E18 /* EPOAuthManager.m in Sources */,
				94BBCD251C1FBD9E006D6E18 /* RXApiServiceEngine.m in Sources */,
				94BBCD181C1FBD9E006D6E18 /* NSMutableDictionary+RXExtension.m in Sources */,
				94BBCD121C1FBD9E006D6E18 /* RXHyLoglnButton.m in Sources */,
				94BBCD131C1FBD9E006D6E18 /* RXHyTransitions.m in Sources */,
				94BBCD1A1C1FBD9E006D6E18 /* UIColor+RXExtension.m in Sources */,
				94BBCD211C1FBD9E006D6E18 /* RXJsBridge.m in Sources */,
				94BBCD2B1C1FBD9E006D6E18 /* MBProgressHUD+Extension.m in Sources */,
			);
			runOnlyForDeploymentPostprocessing = 0;
		};
		948980B31BC3E331007CFEAF /* Sources */ = {
			isa = PBXSourcesBuildPhase;
			buildActionMask = 2147483647;
			files = (
				948980BC1BC3E331007CFEAF /* RMRefreshTests.m in Sources */,
			);
			runOnlyForDeploymentPostprocessing = 0;
		};
		948980BE1BC3E331007CFEAF /* Sources */ = {
			isa = PBXSourcesBuildPhase;
			buildActionMask = 2147483647;
			files = (
				948980C71BC3E331007CFEAF /* RMRefreshUITests.m in Sources */,
			);
			runOnlyForDeploymentPostprocessing = 0;
		};
/* End PBXSourcesBuildPhase section */

/* Begin PBXTargetDependency section */
		948980B91BC3E331007CFEAF /* PBXTargetDependency */ = {
			isa = PBXTargetDependency;
			target = 9489809D1BC3E331007CFEAF /* RMRefresh */;
			targetProxy = 948980B81BC3E331007CFEAF /* PBXContainerItemProxy */;
		};
		948980C41BC3E331007CFEAF /* PBXTargetDependency */ = {
			isa = PBXTargetDependency;
			target = 9489809D1BC3E331007CFEAF /* RMRefresh */;
			targetProxy = 948980C31BC3E331007CFEAF /* PBXContainerItemProxy */;
		};
/* End PBXTargetDependency section */

/* Begin PBXVariantGroup section */
		948980AA1BC3E331007CFEAF /* Main.storyboard */ = {
			isa = PBXVariantGroup;
			children = (
				948980AB1BC3E331007CFEAF /* Base */,
			);
			name = Main.storyboard;
			sourceTree = "<group>";
		};
		948980AF1BC3E331007CFEAF /* LaunchScreen.storyboard */ = {
			isa = PBXVariantGroup;
			children = (
				948980B01BC3E331007CFEAF /* Base */,
			);
			name = LaunchScreen.storyboard;
			sourceTree = "<group>";
		};
/* End PBXVariantGroup section */

/* Begin XCBuildConfiguration section */
		948980C91BC3E331007CFEAF /* Debug */ = {
			isa = XCBuildConfiguration;
			buildSettings = {
				ALWAYS_SEARCH_USER_PATHS = NO;
				CLANG_CXX_LANGUAGE_STANDARD = "gnu++0x";
				CLANG_CXX_LIBRARY = "libc++";
				CLANG_ENABLE_MODULES = YES;
				CLANG_ENABLE_OBJC_ARC = YES;
				CLANG_WARN_BOOL_CONVERSION = YES;
				CLANG_WARN_CONSTANT_CONVERSION = YES;
				CLANG_WARN_DIRECT_OBJC_ISA_USAGE = YES_ERROR;
				CLANG_WARN_EMPTY_BODY = YES;
				CLANG_WARN_ENUM_CONVERSION = YES;
				CLANG_WARN_INT_CONVERSION = YES;
				CLANG_WARN_OBJC_ROOT_CLASS = YES_ERROR;
				CLANG_WARN_UNREACHABLE_CODE = YES;
				CLANG_WARN__DUPLICATE_METHOD_MATCH = YES;
				"CODE_SIGN_IDENTITY[sdk=iphoneos*]" = "iPhone Developer";
				COPY_PHASE_STRIP = NO;
				DEBUG_INFORMATION_FORMAT = dwarf;
				ENABLE_STRICT_OBJC_MSGSEND = YES;
				ENABLE_TESTABILITY = YES;
				GCC_C_LANGUAGE_STANDARD = gnu99;
				GCC_DYNAMIC_NO_PIC = NO;
				GCC_NO_COMMON_BLOCKS = YES;
				GCC_OPTIMIZATION_LEVEL = 0;
				GCC_PREPROCESSOR_DEFINITIONS = (
					"DEBUG=1",
					"$(inherited)",
				);
				GCC_WARN_64_TO_32_BIT_CONVERSION = YES;
				GCC_WARN_ABOUT_RETURN_TYPE = YES_ERROR;
				GCC_WARN_UNDECLARED_SELECTOR = YES;
				GCC_WARN_UNINITIALIZED_AUTOS = YES_AGGRESSIVE;
				GCC_WARN_UNUSED_FUNCTION = YES;
				GCC_WARN_UNUSED_VARIABLE = YES;
				IPHONEOS_DEPLOYMENT_TARGET = 9.0;
				MTL_ENABLE_DEBUG_INFO = YES;
				ONLY_ACTIVE_ARCH = YES;
				SDKROOT = iphoneos;
			};
			name = Debug;
		};
		948980CA1BC3E331007CFEAF /* Release */ = {
			isa = XCBuildConfiguration;
			buildSettings = {
				ALWAYS_SEARCH_USER_PATHS = NO;
				CLANG_CXX_LANGUAGE_STANDARD = "gnu++0x";
				CLANG_CXX_LIBRARY = "libc++";
				CLANG_ENABLE_MODULES = YES;
				CLANG_ENABLE_OBJC_ARC = YES;
				CLANG_WARN_BOOL_CONVERSION = YES;
				CLANG_WARN_CONSTANT_CONVERSION = YES;
				CLANG_WARN_DIRECT_OBJC_ISA_USAGE = YES_ERROR;
				CLANG_WARN_EMPTY_BODY = YES;
				CLANG_WARN_ENUM_CONVERSION = YES;
				CLANG_WARN_INT_CONVERSION = YES;
				CLANG_WARN_OBJC_ROOT_CLASS = YES_ERROR;
				CLANG_WARN_UNREACHABLE_CODE = YES;
				CLANG_WARN__DUPLICATE_METHOD_MATCH = YES;
				"CODE_SIGN_IDENTITY[sdk=iphoneos*]" = "iPhone Developer";
				COPY_PHASE_STRIP = NO;
				DEBUG_INFORMATION_FORMAT = "dwarf-with-dsym";
				ENABLE_NS_ASSERTIONS = NO;
				ENABLE_STRICT_OBJC_MSGSEND = YES;
				GCC_C_LANGUAGE_STANDARD = gnu99;
				GCC_NO_COMMON_BLOCKS = YES;
				GCC_WARN_64_TO_32_BIT_CONVERSION = YES;
				GCC_WARN_ABOUT_RETURN_TYPE = YES_ERROR;
				GCC_WARN_UNDECLARED_SELECTOR = YES;
				GCC_WARN_UNINITIALIZED_AUTOS = YES_AGGRESSIVE;
				GCC_WARN_UNUSED_FUNCTION = YES;
				GCC_WARN_UNUSED_VARIABLE = YES;
				IPHONEOS_DEPLOYMENT_TARGET = 9.0;
				MTL_ENABLE_DEBUG_INFO = NO;
				SDKROOT = iphoneos;
				VALIDATE_PRODUCT = YES;
			};
			name = Release;
		};
		948980CC1BC3E331007CFEAF /* Debug */ = {
			isa = XCBuildConfiguration;
			baseConfigurationReference = 774211E6B84952C2C72671F3 /* Pods.debug.xcconfig */;
			buildSettings = {
				ASSETCATALOG_COMPILER_APPICON_NAME = AppIcon;
				INFOPLIST_FILE = RMRefresh/Info.plist;
				IPHONEOS_DEPLOYMENT_TARGET = 8.0;
				LD_RUNPATH_SEARCH_PATHS = "$(inherited) @executable_path/Frameworks";
				PRODUCT_BUNDLE_IDENTIFIER = com.ryan.RMRefresh;
				PRODUCT_NAME = "$(TARGET_NAME)";
			};
			name = Debug;
		};
		948980CD1BC3E331007CFEAF /* Release */ = {
			isa = XCBuildConfiguration;
			baseConfigurationReference = 009880665ADF2B7ACBF04296 /* Pods.release.xcconfig */;
			buildSettings = {
				ASSETCATALOG_COMPILER_APPICON_NAME = AppIcon;
				INFOPLIST_FILE = RMRefresh/Info.plist;
				IPHONEOS_DEPLOYMENT_TARGET = 8.0;
				LD_RUNPATH_SEARCH_PATHS = "$(inherited) @executable_path/Frameworks";
				PRODUCT_BUNDLE_IDENTIFIER = com.ryan.RMRefresh;
				PRODUCT_NAME = "$(TARGET_NAME)";
			};
			name = Release;
		};
		948980CF1BC3E331007CFEAF /* Debug */ = {
			isa = XCBuildConfiguration;
			buildSettings = {
				BUNDLE_LOADER = "$(TEST_HOST)";
				INFOPLIST_FILE = RMRefreshTests/Info.plist;
				LD_RUNPATH_SEARCH_PATHS = "$(inherited) @executable_path/Frameworks @loader_path/Frameworks";
				PRODUCT_BUNDLE_IDENTIFIER = com.ryan.RMRefreshTests;
				PRODUCT_NAME = "$(TARGET_NAME)";
				TEST_HOST = "$(BUILT_PRODUCTS_DIR)/RMRefresh.app/RMRefresh";
			};
			name = Debug;
		};
		948980D01BC3E331007CFEAF /* Release */ = {
			isa = XCBuildConfiguration;
			buildSettings = {
				BUNDLE_LOADER = "$(TEST_HOST)";
				INFOPLIST_FILE = RMRefreshTests/Info.plist;
				LD_RUNPATH_SEARCH_PATHS = "$(inherited) @executable_path/Frameworks @loader_path/Frameworks";
				PRODUCT_BUNDLE_IDENTIFIER = com.ryan.RMRefreshTests;
				PRODUCT_NAME = "$(TARGET_NAME)";
				TEST_HOST = "$(BUILT_PRODUCTS_DIR)/RMRefresh.app/RMRefresh";
			};
			name = Release;
		};
		948980D21BC3E331007CFEAF /* Debug */ = {
			isa = XCBuildConfiguration;
			buildSettings = {
				INFOPLIST_FILE = RMRefreshUITests/Info.plist;
				LD_RUNPATH_SEARCH_PATHS = "$(inherited) @executable_path/Frameworks @loader_path/Frameworks";
				PRODUCT_BUNDLE_IDENTIFIER = com.ryan.RMRefreshUITests;
				PRODUCT_NAME = "$(TARGET_NAME)";
				TEST_TARGET_NAME = RMRefresh;
				USES_XCTRUNNER = YES;
			};
			name = Debug;
		};
		948980D31BC3E331007CFEAF /* Release */ = {
			isa = XCBuildConfiguration;
			buildSettings = {
				INFOPLIST_FILE = RMRefreshUITests/Info.plist;
				LD_RUNPATH_SEARCH_PATHS = "$(inherited) @executable_path/Frameworks @loader_path/Frameworks";
				PRODUCT_BUNDLE_IDENTIFIER = com.ryan.RMRefreshUITests;
				PRODUCT_NAME = "$(TARGET_NAME)";
				TEST_TARGET_NAME = RMRefresh;
				USES_XCTRUNNER = YES;
			};
			name = Release;
		};
/* End XCBuildConfiguration section */

/* Begin XCConfigurationList section */
		948980991BC3E331007CFEAF /* Build configuration list for PBXProject "RMRefresh" */ = {
			isa = XCConfigurationList;
			buildConfigurations = (
				948980C91BC3E331007CFEAF /* Debug */,
				948980CA1BC3E331007CFEAF /* Release */,
			);
			defaultConfigurationIsVisible = 0;
			defaultConfigurationName = Release;
		};
		948980CB1BC3E331007CFEAF /* Build configuration list for PBXNativeTarget "RMRefresh" */ = {
			isa = XCConfigurationList;
			buildConfigurations = (
				948980CC1BC3E331007CFEAF /* Debug */,
				948980CD1BC3E331007CFEAF /* Release */,
			);
			defaultConfigurationIsVisible = 0;
			defaultConfigurationName = Release;
		};
		948980CE1BC3E331007CFEAF /* Build configuration list for PBXNativeTarget "RMRefreshTests" */ = {
			isa = XCConfigurationList;
			buildConfigurations = (
				948980CF1BC3E331007CFEAF /* Debug */,
				948980D01BC3E331007CFEAF /* Release */,
			);
			defaultConfigurationIsVisible = 0;
			defaultConfigurationName = Release;
		};
		948980D11BC3E331007CFEAF /* Build configuration list for PBXNativeTarget "RMRefreshUITests" */ = {
			isa = XCConfigurationList;
			buildConfigurations = (
				948980D21BC3E331007CFEAF /* Debug */,
				948980D31BC3E331007CFEAF /* Release */,
			);
			defaultConfigurationIsVisible = 0;
			defaultConfigurationName = Release;
		};
/* End XCConfigurationList section */
	};
	rootObject = 948980961BC3E331007CFEAF /* Project object */;
}
